// !$*UTF8*$!
{
	archiveVersion = 1;
	classes = {
	};
	objectVersion = 56;
	objects = {

/* Begin PBXBuildFile section */
		3F1252E82A266C230048E7FB /* FoodManager.swift in Sources */ = {isa = PBXBuildFile; fileRef = 3F1252E72A266C230048E7FB /* FoodManager.swift */; };
		3F1252EA2A266DD90048E7FB /* FoodModel.swift in Sources */ = {isa = PBXBuildFile; fileRef = 3F1252E92A266DD90048E7FB /* FoodModel.swift */; };
		3F1252EC2A266FE00048E7FB /* CategoryModel.swift in Sources */ = {isa = PBXBuildFile; fileRef = 3F1252EB2A266FE00048E7FB /* CategoryModel.swift */; };
		3F1252EE2A26700C0048E7FB /* SeasonalityModel.swift in Sources */ = {isa = PBXBuildFile; fileRef = 3F1252ED2A26700C0048E7FB /* SeasonalityModel.swift */; };
		3F1252F02A267EF50048E7FB /* FoodManagerTests.swift in Sources */ = {isa = PBXBuildFile; fileRef = 3F1252EF2A267EF50048E7FB /* FoodManagerTests.swift */; };
		3F47FB252A251A2E00356430 /* data.json in Resources */ = {isa = PBXBuildFile; fileRef = 3F47FB242A251A2E00356430 /* data.json */; };
		880A8CAF2A7B3AE700567920 /* Quicksand-Medium.ttf in Resources */ = {isa = PBXBuildFile; fileRef = 880A8CAA2A7B3AE700567920 /* Quicksand-Medium.ttf */; };
		880A8CB02A7B3AE700567920 /* Quicksand-Bold.ttf in Resources */ = {isa = PBXBuildFile; fileRef = 880A8CAB2A7B3AE700567920 /* Quicksand-Bold.ttf */; };
		880A8CB12A7B3AE700567920 /* Quicksand-Light.ttf in Resources */ = {isa = PBXBuildFile; fileRef = 880A8CAC2A7B3AE700567920 /* Quicksand-Light.ttf */; };
		880A8CB22A7B3AE700567920 /* Quicksand-SemiBold.ttf in Resources */ = {isa = PBXBuildFile; fileRef = 880A8CAD2A7B3AE700567920 /* Quicksand-SemiBold.ttf */; };
		880A8CB32A7B3AE700567920 /* Quicksand-Regular.ttf in Resources */ = {isa = PBXBuildFile; fileRef = 880A8CAE2A7B3AE700567920 /* Quicksand-Regular.ttf */; };
		880A8CB92A7B43A100567920 /* SF-Pro-Display-Bold.otf in Resources */ = {isa = PBXBuildFile; fileRef = 880A8CB82A7B43A100567920 /* SF-Pro-Display-Bold.otf */; };
		880A8CBB2A7B43B400567920 /* SF-Pro-Display-Regular.otf in Resources */ = {isa = PBXBuildFile; fileRef = 880A8CBA2A7B43B400567920 /* SF-Pro-Display-Regular.otf */; };
		88272BA02A388AB100B807BD /* DetailSheetViewController.swift in Sources */ = {isa = PBXBuildFile; fileRef = 88272B9F2A388AB100B807BD /* DetailSheetViewController.swift */; };
		88272BA22A39036800B807BD /* SeasonalityCollectionViewComponent.swift in Sources */ = {isa = PBXBuildFile; fileRef = 88272BA12A39036800B807BD /* SeasonalityCollectionViewComponent.swift */; };
		88272BA42A39082C00B807BD /* SeasonalityCollectionViewCell.swift in Sources */ = {isa = PBXBuildFile; fileRef = 88272BA32A39082C00B807BD /* SeasonalityCollectionViewCell.swift */; };
		883A7F162A426FD100E7D4E1 /* FavoriteFoodViewController.swift in Sources */ = {isa = PBXBuildFile; fileRef = 883A7F152A426FD100E7D4E1 /* FavoriteFoodViewController.swift */; };
		883A7F192A42700D00E7D4E1 /* FavoriteFoodView.swift in Sources */ = {isa = PBXBuildFile; fileRef = 883A7F182A42700D00E7D4E1 /* FavoriteFoodView.swift */; };
		883A7F1B2A429F1A00E7D4E1 /* FavoriteList.swift in Sources */ = {isa = PBXBuildFile; fileRef = 883A7F1A2A429F1A00E7D4E1 /* FavoriteList.swift */; };
		886664952A31005D0031D242 /* DetailSheetView.swift in Sources */ = {isa = PBXBuildFile; fileRef = 886664942A31005D0031D242 /* DetailSheetView.swift */; };
		8894BF212A3B9D4000C97894 /* FavoriteTests.swift in Sources */ = {isa = PBXBuildFile; fileRef = 8894BF202A3B9D4000C97894 /* FavoriteTests.swift */; };
		8894BF232A3BA97500C97894 /* TitleDetailView.swift in Sources */ = {isa = PBXBuildFile; fileRef = 8894BF222A3BA97500C97894 /* TitleDetailView.swift */; };
		889904822A2A0BA40067FEC7 /* SearchViewController.swift in Sources */ = {isa = PBXBuildFile; fileRef = 889904812A2A0BA40067FEC7 /* SearchViewController.swift */; };
		88B4694F2A2995BF00755698 /* SearchBarComponent.swift in Sources */ = {isa = PBXBuildFile; fileRef = 88B4694E2A2995BF00755698 /* SearchBarComponent.swift */; };
		88B469522A299CCB00755698 /* SearchView.swift in Sources */ = {isa = PBXBuildFile; fileRef = 88B469512A299CCB00755698 /* SearchView.swift */; };
		BB08F31A2AA26A8800116A68 /* NotificationNameExtension.swift in Sources */ = {isa = PBXBuildFile; fileRef = BB08F3192AA26A8800116A68 /* NotificationNameExtension.swift */; };
		BB0EFA8F2A30F625009DA542 /* FastFilterComponent.swift in Sources */ = {isa = PBXBuildFile; fileRef = BB0EFA8E2A30F625009DA542 /* FastFilterComponent.swift */; };
		BB0EFA922A30FD3E009DA542 /* FilterSelectedCollectionView.swift in Sources */ = {isa = PBXBuildFile; fileRef = BB0EFA912A30FD3E009DA542 /* FilterSelectedCollectionView.swift */; };
		BB0EFA952A30FD66009DA542 /* FilterCollectionView.swift in Sources */ = {isa = PBXBuildFile; fileRef = BB0EFA942A30FD66009DA542 /* FilterCollectionView.swift */; };
		BB0EFA982A311DE7009DA542 /* FilterCollectionViewCell.swift in Sources */ = {isa = PBXBuildFile; fileRef = BB0EFA972A311DE7009DA542 /* FilterCollectionViewCell.swift */; };
		BB0EFB312A336EF7009DA542 /* FilterSelectedCollectionViewCell.swift in Sources */ = {isa = PBXBuildFile; fileRef = BB0EFB302A336EF7009DA542 /* FilterSelectedCollectionViewCell.swift */; };
		BB16248D2A9D221700162531 /* TabIcons.swift in Sources */ = {isa = PBXBuildFile; fileRef = BB16248C2A9D221700162531 /* TabIcons.swift */; };
		BB16248F2A9D2B4A00162531 /* Months.swift in Sources */ = {isa = PBXBuildFile; fileRef = BB16248E2A9D2B4A00162531 /* Months.swift */; };
		BB1624912A9D2BFF00162531 /* FastFilter.swift in Sources */ = {isa = PBXBuildFile; fileRef = BB1624902A9D2BFF00162531 /* FastFilter.swift */; };
		BB3B0EBC2A37965500774A3D /* FastFilterModel.swift in Sources */ = {isa = PBXBuildFile; fileRef = BB3B0EBB2A37965500774A3D /* FastFilterModel.swift */; };
		BB3F83462A61A6FD00C0DFA1 /* ShoppingListsViewController.swift in Sources */ = {isa = PBXBuildFile; fileRef = BB3F83452A61A6FD00C0DFA1 /* ShoppingListsViewController.swift */; };
		BB3F83492A61A8FF00C0DFA1 /* ShoppingListsView.swift in Sources */ = {isa = PBXBuildFile; fileRef = BB3F83482A61A8FF00C0DFA1 /* ShoppingListsView.swift */; };
		BB3F834D2A61AD1B00C0DFA1 /* ShoppingListsTableView.swift in Sources */ = {isa = PBXBuildFile; fileRef = BB3F834C2A61AD1B00C0DFA1 /* ShoppingListsTableView.swift */; };
		BB3F834F2A61AD5800C0DFA1 /* ShoppingListsTableViewCell.swift in Sources */ = {isa = PBXBuildFile; fileRef = BB3F834E2A61AD5800C0DFA1 /* ShoppingListsTableViewCell.swift */; };
		BB3F83512A65C54700C0DFA1 /* ShoppingListCreateViewController.swift in Sources */ = {isa = PBXBuildFile; fileRef = BB3F83502A65C54700C0DFA1 /* ShoppingListCreateViewController.swift */; };
		BB3F83542A65C5C700C0DFA1 /* ShoppingListCreateView.swift in Sources */ = {isa = PBXBuildFile; fileRef = BB3F83532A65C5C700C0DFA1 /* ShoppingListCreateView.swift */; };
		BB51055F2A421EEF002A928F /* FastFilterTests.swift in Sources */ = {isa = PBXBuildFile; fileRef = BB51055E2A421EEF002A928F /* FastFilterTests.swift */; };
		BBC8CCF92A5C8CB600D26D64 /* ShoppingListModel.swift in Sources */ = {isa = PBXBuildFile; fileRef = BBC8CCF82A5C8CB600D26D64 /* ShoppingListModel.swift */; };
		BBC8CCFB2A5C8CBF00D26D64 /* ItemShoppingListModel.swift in Sources */ = {isa = PBXBuildFile; fileRef = BBC8CCFA2A5C8CBF00D26D64 /* ItemShoppingListModel.swift */; };
		BBC8CCFD2A5DC70900D26D64 /* BoughtListTests.swift in Sources */ = {isa = PBXBuildFile; fileRef = BBC8CCFC2A5DC70900D26D64 /* BoughtListTests.swift */; };
		BBD62F012A2516A0001F71ED /* AppDelegate.swift in Sources */ = {isa = PBXBuildFile; fileRef = BBD62F002A2516A0001F71ED /* AppDelegate.swift */; };
		BBD62F032A2516A0001F71ED /* SceneDelegate.swift in Sources */ = {isa = PBXBuildFile; fileRef = BBD62F022A2516A0001F71ED /* SceneDelegate.swift */; };
		BBD62F052A2516A0001F71ED /* TabBarViewController.swift in Sources */ = {isa = PBXBuildFile; fileRef = BBD62F042A2516A0001F71ED /* TabBarViewController.swift */; };
		BBD62F0A2A2516A1001F71ED /* Assets.xcassets in Resources */ = {isa = PBXBuildFile; fileRef = BBD62F092A2516A1001F71ED /* Assets.xcassets */; };
		BBD62F382A251C8B001F71ED /* ViewCode.swift in Sources */ = {isa = PBXBuildFile; fileRef = BBD62F372A251C8B001F71ED /* ViewCode.swift */; };
		BBD62F402A25291F001F71ED /* LaunchScreen.storyboard in Resources */ = {isa = PBXBuildFile; fileRef = BBD62F3F2A25291F001F71ED /* LaunchScreen.storyboard */; };
		BBD62F422A253C90001F71ED /* CategoryViewController.swift in Sources */ = {isa = PBXBuildFile; fileRef = BBD62F412A253C90001F71ED /* CategoryViewController.swift */; };
		BBD62F442A253D29001F71ED /* CategoryView.swift in Sources */ = {isa = PBXBuildFile; fileRef = BBD62F432A253D29001F71ED /* CategoryView.swift */; };
		BBD62F4B2A253F51001F71ED /* CategoryCollectionViewComponent.swift in Sources */ = {isa = PBXBuildFile; fileRef = BBD62F4A2A253F51001F71ED /* CategoryCollectionViewComponent.swift */; };
		BBD62F4E2A254190001F71ED /* CategoryCollectionViewCell.swift in Sources */ = {isa = PBXBuildFile; fileRef = BBD62F4D2A254190001F71ED /* CategoryCollectionViewCell.swift */; };
		BBD62F502A26695E001F71ED /* UIViewExtension.swift in Sources */ = {isa = PBXBuildFile; fileRef = BBD62F4F2A26695E001F71ED /* UIViewExtension.swift */; };
		BBD62F572A27BE42001F71ED /* FoodViewController.swift in Sources */ = {isa = PBXBuildFile; fileRef = BBD62F562A27BE42001F71ED /* FoodViewController.swift */; };
		BBD62F592A27CC5B001F71ED /* MonthSelectionViewController.swift in Sources */ = {isa = PBXBuildFile; fileRef = BBD62F582A27CC5B001F71ED /* MonthSelectionViewController.swift */; };
		BBD62F5C2A27CD38001F71ED /* MonthSelectionView.swift in Sources */ = {isa = PBXBuildFile; fileRef = BBD62F5B2A27CD38001F71ED /* MonthSelectionView.swift */; };
		BBD62F5F2A27CE7F001F71ED /* MonthSelectionCollectionView.swift in Sources */ = {isa = PBXBuildFile; fileRef = BBD62F5E2A27CE7F001F71ED /* MonthSelectionCollectionView.swift */; };
		BBD62F622A2845EE001F71ED /* MonthSelectionCollectionViewCell.swift in Sources */ = {isa = PBXBuildFile; fileRef = BBD62F612A2845EE001F71ED /* MonthSelectionCollectionViewCell.swift */; };
		BBD62F642A290442001F71ED /* MonthSelectionTests.swift in Sources */ = {isa = PBXBuildFile; fileRef = BBD62F632A290442001F71ED /* MonthSelectionTests.swift */; };
		BBD62F712A2996AE001F71ED /* FoodView.swift in Sources */ = {isa = PBXBuildFile; fileRef = BBD62F702A2996AE001F71ED /* FoodView.swift */; };
		BBD62F742A2996F3001F71ED /* FoodCollectionView.swift in Sources */ = {isa = PBXBuildFile; fileRef = BBD62F732A2996F3001F71ED /* FoodCollectionView.swift */; };
		BBD912952A3B8B0000BE1BA5 /* FoodCollectionViewCell.swift in Sources */ = {isa = PBXBuildFile; fileRef = BBD912942A3B8B0000BE1BA5 /* FoodCollectionViewCell.swift */; };
/* End PBXBuildFile section */

/* Begin PBXContainerItemProxy section */
		BBD62F142A2516A1001F71ED /* PBXContainerItemProxy */ = {
			isa = PBXContainerItemProxy;
			containerPortal = BBD62EF52A2516A0001F71ED /* Project object */;
			proxyType = 1;
			remoteGlobalIDString = BBD62EFC2A2516A0001F71ED;
			remoteInfo = MacroChallenge;
		};
/* End PBXContainerItemProxy section */

/* Begin PBXFileReference section */
		3F1252E72A266C230048E7FB /* FoodManager.swift */ = {isa = PBXFileReference; lastKnownFileType = sourcecode.swift; name = FoodManager.swift; path = MacroChallenge/Code/Utils/FoodManager.swift; sourceTree = SOURCE_ROOT; };
		3F1252E92A266DD90048E7FB /* FoodModel.swift */ = {isa = PBXFileReference; lastKnownFileType = sourcecode.swift; name = FoodModel.swift; path = MacroChallenge/Code/Features/Common/Model/FoodModel.swift; sourceTree = SOURCE_ROOT; };
		3F1252EB2A266FE00048E7FB /* CategoryModel.swift */ = {isa = PBXFileReference; lastKnownFileType = sourcecode.swift; name = CategoryModel.swift; path = MacroChallenge/Code/Features/Category/Model/CategoryModel.swift; sourceTree = SOURCE_ROOT; };
		3F1252ED2A26700C0048E7FB /* SeasonalityModel.swift */ = {isa = PBXFileReference; lastKnownFileType = sourcecode.swift; name = SeasonalityModel.swift; path = MacroChallenge/Code/Features/Common/Model/SeasonalityModel.swift; sourceTree = SOURCE_ROOT; };
		3F1252EF2A267EF50048E7FB /* FoodManagerTests.swift */ = {isa = PBXFileReference; lastKnownFileType = sourcecode.swift; path = FoodManagerTests.swift; sourceTree = "<group>"; };
		3F47FB242A251A2E00356430 /* data.json */ = {isa = PBXFileReference; lastKnownFileType = text.json; path = data.json; sourceTree = "<group>"; };
		880A8CAA2A7B3AE700567920 /* Quicksand-Medium.ttf */ = {isa = PBXFileReference; lastKnownFileType = file; path = "Quicksand-Medium.ttf"; sourceTree = "<group>"; };
		880A8CAB2A7B3AE700567920 /* Quicksand-Bold.ttf */ = {isa = PBXFileReference; lastKnownFileType = file; path = "Quicksand-Bold.ttf"; sourceTree = "<group>"; };
		880A8CAC2A7B3AE700567920 /* Quicksand-Light.ttf */ = {isa = PBXFileReference; lastKnownFileType = file; path = "Quicksand-Light.ttf"; sourceTree = "<group>"; };
		880A8CAD2A7B3AE700567920 /* Quicksand-SemiBold.ttf */ = {isa = PBXFileReference; lastKnownFileType = file; path = "Quicksand-SemiBold.ttf"; sourceTree = "<group>"; };
		880A8CAE2A7B3AE700567920 /* Quicksand-Regular.ttf */ = {isa = PBXFileReference; lastKnownFileType = file; path = "Quicksand-Regular.ttf"; sourceTree = "<group>"; };
		880A8CB82A7B43A100567920 /* SF-Pro-Display-Bold.otf */ = {isa = PBXFileReference; lastKnownFileType = file; name = "SF-Pro-Display-Bold.otf"; path = "MacroChallenge/SF-Pro-Display-Bold.otf"; sourceTree = SOURCE_ROOT; };
		880A8CBA2A7B43B400567920 /* SF-Pro-Display-Regular.otf */ = {isa = PBXFileReference; lastKnownFileType = file; path = "SF-Pro-Display-Regular.otf"; sourceTree = "<group>"; };
		88272B9F2A388AB100B807BD /* DetailSheetViewController.swift */ = {isa = PBXFileReference; lastKnownFileType = sourcecode.swift; path = DetailSheetViewController.swift; sourceTree = "<group>"; };
		88272BA12A39036800B807BD /* SeasonalityCollectionViewComponent.swift */ = {isa = PBXFileReference; lastKnownFileType = sourcecode.swift; path = SeasonalityCollectionViewComponent.swift; sourceTree = "<group>"; };
		88272BA32A39082C00B807BD /* SeasonalityCollectionViewCell.swift */ = {isa = PBXFileReference; lastKnownFileType = sourcecode.swift; path = SeasonalityCollectionViewCell.swift; sourceTree = "<group>"; };
		883A7F152A426FD100E7D4E1 /* FavoriteFoodViewController.swift */ = {isa = PBXFileReference; lastKnownFileType = sourcecode.swift; path = FavoriteFoodViewController.swift; sourceTree = "<group>"; };
		883A7F182A42700D00E7D4E1 /* FavoriteFoodView.swift */ = {isa = PBXFileReference; lastKnownFileType = sourcecode.swift; path = FavoriteFoodView.swift; sourceTree = "<group>"; };
		883A7F1A2A429F1A00E7D4E1 /* FavoriteList.swift */ = {isa = PBXFileReference; lastKnownFileType = sourcecode.swift; path = FavoriteList.swift; sourceTree = "<group>"; };
		886664942A31005D0031D242 /* DetailSheetView.swift */ = {isa = PBXFileReference; lastKnownFileType = sourcecode.swift; path = DetailSheetView.swift; sourceTree = "<group>"; };
		8894BF202A3B9D4000C97894 /* FavoriteTests.swift */ = {isa = PBXFileReference; lastKnownFileType = sourcecode.swift; path = FavoriteTests.swift; sourceTree = "<group>"; };
		8894BF222A3BA97500C97894 /* TitleDetailView.swift */ = {isa = PBXFileReference; lastKnownFileType = sourcecode.swift; path = TitleDetailView.swift; sourceTree = "<group>"; };
		889904812A2A0BA40067FEC7 /* SearchViewController.swift */ = {isa = PBXFileReference; lastKnownFileType = sourcecode.swift; path = SearchViewController.swift; sourceTree = "<group>"; };
		88B4694E2A2995BF00755698 /* SearchBarComponent.swift */ = {isa = PBXFileReference; lastKnownFileType = sourcecode.swift; path = SearchBarComponent.swift; sourceTree = "<group>"; };
		88B469512A299CCB00755698 /* SearchView.swift */ = {isa = PBXFileReference; lastKnownFileType = sourcecode.swift; path = SearchView.swift; sourceTree = "<group>"; };
		BB08F3192AA26A8800116A68 /* NotificationNameExtension.swift */ = {isa = PBXFileReference; lastKnownFileType = sourcecode.swift; path = NotificationNameExtension.swift; sourceTree = "<group>"; };
		BB0EFA8E2A30F625009DA542 /* FastFilterComponent.swift */ = {isa = PBXFileReference; lastKnownFileType = sourcecode.swift; path = FastFilterComponent.swift; sourceTree = "<group>"; };
		BB0EFA912A30FD3E009DA542 /* FilterSelectedCollectionView.swift */ = {isa = PBXFileReference; lastKnownFileType = sourcecode.swift; path = FilterSelectedCollectionView.swift; sourceTree = "<group>"; };
		BB0EFA942A30FD66009DA542 /* FilterCollectionView.swift */ = {isa = PBXFileReference; lastKnownFileType = sourcecode.swift; path = FilterCollectionView.swift; sourceTree = "<group>"; };
		BB0EFA972A311DE7009DA542 /* FilterCollectionViewCell.swift */ = {isa = PBXFileReference; lastKnownFileType = sourcecode.swift; path = FilterCollectionViewCell.swift; sourceTree = "<group>"; };
		BB0EFB302A336EF7009DA542 /* FilterSelectedCollectionViewCell.swift */ = {isa = PBXFileReference; lastKnownFileType = sourcecode.swift; path = FilterSelectedCollectionViewCell.swift; sourceTree = "<group>"; };
		BB16248C2A9D221700162531 /* TabIcons.swift */ = {isa = PBXFileReference; lastKnownFileType = sourcecode.swift; path = TabIcons.swift; sourceTree = "<group>"; };
		BB16248E2A9D2B4A00162531 /* Months.swift */ = {isa = PBXFileReference; lastKnownFileType = sourcecode.swift; path = Months.swift; sourceTree = "<group>"; };
		BB1624902A9D2BFF00162531 /* FastFilter.swift */ = {isa = PBXFileReference; lastKnownFileType = sourcecode.swift; path = FastFilter.swift; sourceTree = "<group>"; };
		BB3B0EBB2A37965500774A3D /* FastFilterModel.swift */ = {isa = PBXFileReference; lastKnownFileType = sourcecode.swift; path = FastFilterModel.swift; sourceTree = "<group>"; };
		BB3F83452A61A6FD00C0DFA1 /* ShoppingListsViewController.swift */ = {isa = PBXFileReference; lastKnownFileType = sourcecode.swift; path = ShoppingListsViewController.swift; sourceTree = "<group>"; };
		BB3F83482A61A8FF00C0DFA1 /* ShoppingListsView.swift */ = {isa = PBXFileReference; lastKnownFileType = sourcecode.swift; path = ShoppingListsView.swift; sourceTree = "<group>"; };
		BB3F834C2A61AD1B00C0DFA1 /* ShoppingListsTableView.swift */ = {isa = PBXFileReference; lastKnownFileType = sourcecode.swift; path = ShoppingListsTableView.swift; sourceTree = "<group>"; };
		BB3F834E2A61AD5800C0DFA1 /* ShoppingListsTableViewCell.swift */ = {isa = PBXFileReference; lastKnownFileType = sourcecode.swift; path = ShoppingListsTableViewCell.swift; sourceTree = "<group>"; };
		BB3F83502A65C54700C0DFA1 /* ShoppingListCreateViewController.swift */ = {isa = PBXFileReference; lastKnownFileType = sourcecode.swift; path = ShoppingListCreateViewController.swift; sourceTree = "<group>"; };
		BB3F83532A65C5C700C0DFA1 /* ShoppingListCreateView.swift */ = {isa = PBXFileReference; lastKnownFileType = sourcecode.swift; path = ShoppingListCreateView.swift; sourceTree = "<group>"; };
		BB51055E2A421EEF002A928F /* FastFilterTests.swift */ = {isa = PBXFileReference; lastKnownFileType = sourcecode.swift; path = FastFilterTests.swift; sourceTree = "<group>"; };
		BBC8CCF82A5C8CB600D26D64 /* ShoppingListModel.swift */ = {isa = PBXFileReference; lastKnownFileType = sourcecode.swift; path = ShoppingListModel.swift; sourceTree = "<group>"; };
		BBC8CCFA2A5C8CBF00D26D64 /* ItemShoppingListModel.swift */ = {isa = PBXFileReference; lastKnownFileType = sourcecode.swift; path = ItemShoppingListModel.swift; sourceTree = "<group>"; };
		BBC8CCFC2A5DC70900D26D64 /* BoughtListTests.swift */ = {isa = PBXFileReference; lastKnownFileType = sourcecode.swift; path = BoughtListTests.swift; sourceTree = "<group>"; };
		BBD62EFD2A2516A0001F71ED /* MacroChallenge.app */ = {isa = PBXFileReference; explicitFileType = wrapper.application; includeInIndex = 0; path = MacroChallenge.app; sourceTree = BUILT_PRODUCTS_DIR; };
		BBD62F002A2516A0001F71ED /* AppDelegate.swift */ = {isa = PBXFileReference; lastKnownFileType = sourcecode.swift; path = AppDelegate.swift; sourceTree = "<group>"; };
		BBD62F022A2516A0001F71ED /* SceneDelegate.swift */ = {isa = PBXFileReference; lastKnownFileType = sourcecode.swift; path = SceneDelegate.swift; sourceTree = "<group>"; };
		BBD62F042A2516A0001F71ED /* TabBarViewController.swift */ = {isa = PBXFileReference; lastKnownFileType = sourcecode.swift; path = TabBarViewController.swift; sourceTree = "<group>"; };
		BBD62F092A2516A1001F71ED /* Assets.xcassets */ = {isa = PBXFileReference; lastKnownFileType = folder.assetcatalog; path = Assets.xcassets; sourceTree = "<group>"; };
		BBD62F0E2A2516A1001F71ED /* Info.plist */ = {isa = PBXFileReference; lastKnownFileType = text.plist.xml; path = Info.plist; sourceTree = "<group>"; };
		BBD62F132A2516A1001F71ED /* MacroChallengeTests.xctest */ = {isa = PBXFileReference; explicitFileType = wrapper.cfbundle; includeInIndex = 0; path = MacroChallengeTests.xctest; sourceTree = BUILT_PRODUCTS_DIR; };
		BBD62F372A251C8B001F71ED /* ViewCode.swift */ = {isa = PBXFileReference; lastKnownFileType = sourcecode.swift; path = ViewCode.swift; sourceTree = "<group>"; };
		BBD62F3F2A25291F001F71ED /* LaunchScreen.storyboard */ = {isa = PBXFileReference; lastKnownFileType = file.storyboard; name = LaunchScreen.storyboard; path = MacroChallenge/Code/Features/Common/View/LaunchScreen.storyboard; sourceTree = SOURCE_ROOT; };
		BBD62F412A253C90001F71ED /* CategoryViewController.swift */ = {isa = PBXFileReference; lastKnownFileType = sourcecode.swift; path = CategoryViewController.swift; sourceTree = "<group>"; };
		BBD62F432A253D29001F71ED /* CategoryView.swift */ = {isa = PBXFileReference; lastKnownFileType = sourcecode.swift; name = CategoryView.swift; path = MacroChallenge/Code/Features/Category/View/CategoryView.swift; sourceTree = SOURCE_ROOT; };
		BBD62F4A2A253F51001F71ED /* CategoryCollectionViewComponent.swift */ = {isa = PBXFileReference; lastKnownFileType = sourcecode.swift; path = CategoryCollectionViewComponent.swift; sourceTree = "<group>"; };
		BBD62F4D2A254190001F71ED /* CategoryCollectionViewCell.swift */ = {isa = PBXFileReference; lastKnownFileType = sourcecode.swift; path = CategoryCollectionViewCell.swift; sourceTree = "<group>"; };
		BBD62F4F2A26695E001F71ED /* UIViewExtension.swift */ = {isa = PBXFileReference; lastKnownFileType = sourcecode.swift; path = UIViewExtension.swift; sourceTree = "<group>"; };
		BBD62F562A27BE42001F71ED /* FoodViewController.swift */ = {isa = PBXFileReference; lastKnownFileType = sourcecode.swift; path = FoodViewController.swift; sourceTree = "<group>"; };
		BBD62F582A27CC5B001F71ED /* MonthSelectionViewController.swift */ = {isa = PBXFileReference; lastKnownFileType = sourcecode.swift; path = MonthSelectionViewController.swift; sourceTree = "<group>"; };
		BBD62F5B2A27CD38001F71ED /* MonthSelectionView.swift */ = {isa = PBXFileReference; lastKnownFileType = sourcecode.swift; path = MonthSelectionView.swift; sourceTree = "<group>"; };
		BBD62F5E2A27CE7F001F71ED /* MonthSelectionCollectionView.swift */ = {isa = PBXFileReference; lastKnownFileType = sourcecode.swift; path = MonthSelectionCollectionView.swift; sourceTree = "<group>"; };
		BBD62F612A2845EE001F71ED /* MonthSelectionCollectionViewCell.swift */ = {isa = PBXFileReference; lastKnownFileType = sourcecode.swift; path = MonthSelectionCollectionViewCell.swift; sourceTree = "<group>"; };
		BBD62F632A290442001F71ED /* MonthSelectionTests.swift */ = {isa = PBXFileReference; lastKnownFileType = sourcecode.swift; path = MonthSelectionTests.swift; sourceTree = "<group>"; };
		BBD62F702A2996AE001F71ED /* FoodView.swift */ = {isa = PBXFileReference; lastKnownFileType = sourcecode.swift; path = FoodView.swift; sourceTree = "<group>"; };
		BBD62F732A2996F3001F71ED /* FoodCollectionView.swift */ = {isa = PBXFileReference; lastKnownFileType = sourcecode.swift; path = FoodCollectionView.swift; sourceTree = "<group>"; };
		BBD912942A3B8B0000BE1BA5 /* FoodCollectionViewCell.swift */ = {isa = PBXFileReference; fileEncoding = 4; lastKnownFileType = sourcecode.swift; path = FoodCollectionViewCell.swift; sourceTree = "<group>"; };
/* End PBXFileReference section */

/* Begin PBXFrameworksBuildPhase section */
		BBD62EFA2A2516A0001F71ED /* Frameworks */ = {
			isa = PBXFrameworksBuildPhase;
			buildActionMask = 2147483647;
			files = (
			);
			runOnlyForDeploymentPostprocessing = 0;
		};
		BBD62F102A2516A1001F71ED /* Frameworks */ = {
			isa = PBXFrameworksBuildPhase;
			buildActionMask = 2147483647;
			files = (
			);
			runOnlyForDeploymentPostprocessing = 0;
		};
/* End PBXFrameworksBuildPhase section */

/* Begin PBXGroup section */
		3F47FB232A25199800356430 /* Resource */ = {
			isa = PBXGroup;
			children = (
				880A8CA92A7B3ACA00567920 /* Fonts */,
				BBD62F092A2516A1001F71ED /* Assets.xcassets */,
				3F47FB242A251A2E00356430 /* data.json */,
			);
			name = Resource;
			path = MacroChallenge/Resource;
			sourceTree = SOURCE_ROOT;
		};
		880A8CA92A7B3ACA00567920 /* Fonts */ = {
			isa = PBXGroup;
			children = (
				880A8CAB2A7B3AE700567920 /* Quicksand-Bold.ttf */,
				880A8CAC2A7B3AE700567920 /* Quicksand-Light.ttf */,
				880A8CBA2A7B43B400567920 /* SF-Pro-Display-Regular.otf */,
				880A8CB82A7B43A100567920 /* SF-Pro-Display-Bold.otf */,
				880A8CAA2A7B3AE700567920 /* Quicksand-Medium.ttf */,
				880A8CAE2A7B3AE700567920 /* Quicksand-Regular.ttf */,
				880A8CAD2A7B3AE700567920 /* Quicksand-SemiBold.ttf */,
			);
			path = Fonts;
			sourceTree = "<group>";
		};
		BB08F31B2AA26D4D00116A68 /* Views */ = {
			isa = PBXGroup;
			children = (
				8894BF222A3BA97500C97894 /* TitleDetailView.swift */,
			);
			path = Views;
			sourceTree = "<group>";
		};
		BB0EFA902A30FD07009DA542 /* FastFilter */ = {
			isa = PBXGroup;
			children = (
				BB0EFA932A30FD47009DA542 /* Views */,
				BB0EFA8E2A30F625009DA542 /* FastFilterComponent.swift */,
			);
			path = FastFilter;
			sourceTree = "<group>";
		};
		BB0EFA932A30FD47009DA542 /* Views */ = {
			isa = PBXGroup;
			children = (
				BB0EFA962A311DCA009DA542 /* Cells */,
				BB0EFA912A30FD3E009DA542 /* FilterSelectedCollectionView.swift */,
				BB0EFA942A30FD66009DA542 /* FilterCollectionView.swift */,
			);
			path = Views;
			sourceTree = "<group>";
		};
		BB0EFA962A311DCA009DA542 /* Cells */ = {
			isa = PBXGroup;
			children = (
				BB0EFA972A311DE7009DA542 /* FilterCollectionViewCell.swift */,
				BB0EFB302A336EF7009DA542 /* FilterSelectedCollectionViewCell.swift */,
			);
			path = Cells;
			sourceTree = "<group>";
		};
		BB1624672A97F30200162531 /* Code */ = {
			isa = PBXGroup;
			children = (
				BB1624892A9CFA3600162531 /* Features */,
				BBD62F332A25170B001F71ED /* Utils */,
			);
			path = Code;
			sourceTree = "<group>";
		};
		BB1624682A97F4A200162531 /* Supporting */ = {
			isa = PBXGroup;
			children = (
				BBD62F002A2516A0001F71ED /* AppDelegate.swift */,
				BBD62F022A2516A0001F71ED /* SceneDelegate.swift */,
			);
			name = Supporting;
			path = MacroChallenge/Supporting;
			sourceTree = SOURCE_ROOT;
		};
		BB1624692A97F4E400162531 /* ShoppingLists */ = {
			isa = PBXGroup;
			children = (
				BB16246A2A97F50500162531 /* Model */,
				BB16246B2A97F50C00162531 /* View */,
				BB16246C2A97F51700162531 /* Controller */,
			);
			path = ShoppingLists;
			sourceTree = "<group>";
		};
		BB16246A2A97F50500162531 /* Model */ = {
			isa = PBXGroup;
			children = (
				BBC8CCF82A5C8CB600D26D64 /* ShoppingListModel.swift */,
				BBC8CCFA2A5C8CBF00D26D64 /* ItemShoppingListModel.swift */,
			);
			path = Model;
			sourceTree = "<group>";
		};
		BB16246B2A97F50C00162531 /* View */ = {
			isa = PBXGroup;
			children = (
				BB3F83482A61A8FF00C0DFA1 /* ShoppingListsView.swift */,
				BB3F83532A65C5C700C0DFA1 /* ShoppingListCreateView.swift */,
				BB3F834A2A61ACF700C0DFA1 /* Views */,
			);
			path = View;
			sourceTree = "<group>";
		};
		BB16246C2A97F51700162531 /* Controller */ = {
			isa = PBXGroup;
			children = (
				BB3F83452A61A6FD00C0DFA1 /* ShoppingListsViewController.swift */,
				BB3F83502A65C54700C0DFA1 /* ShoppingListCreateViewController.swift */,
			);
			path = Controller;
			sourceTree = "<group>";
		};
		BB16246D2A97F56200162531 /* Category */ = {
			isa = PBXGroup;
			children = (
				BB1624702A97F57200162531 /* Model */,
				BB16246F2A97F56F00162531 /* View */,
				BB16246E2A97F56900162531 /* Controller */,
			);
			path = Category;
			sourceTree = "<group>";
		};
		BB16246E2A97F56900162531 /* Controller */ = {
			isa = PBXGroup;
			children = (
				BBD62F412A253C90001F71ED /* CategoryViewController.swift */,
			);
			path = Controller;
			sourceTree = "<group>";
		};
		BB16246F2A97F56F00162531 /* View */ = {
			isa = PBXGroup;
			children = (
				BBD62F432A253D29001F71ED /* CategoryView.swift */,
				BBD62F492A253F0B001F71ED /* Views */,
			);
			path = View;
			sourceTree = "<group>";
		};
		BB1624702A97F57200162531 /* Model */ = {
			isa = PBXGroup;
			children = (
				3F1252EB2A266FE00048E7FB /* CategoryModel.swift */,
			);
			path = Model;
			sourceTree = "<group>";
		};
		BB1624712A97F59B00162531 /* Favorite */ = {
			isa = PBXGroup;
			children = (
				BB1624732A97F5A400162531 /* View */,
				BB1624722A97F5A000162531 /* Controller */,
			);
			path = Favorite;
			sourceTree = "<group>";
		};
		BB1624722A97F5A000162531 /* Controller */ = {
			isa = PBXGroup;
			children = (
				883A7F152A426FD100E7D4E1 /* FavoriteFoodViewController.swift */,
			);
			path = Controller;
			sourceTree = "<group>";
		};
		BB1624732A97F5A400162531 /* View */ = {
			isa = PBXGroup;
			children = (
				883A7F182A42700D00E7D4E1 /* FavoriteFoodView.swift */,
			);
			path = View;
			sourceTree = "<group>";
		};
		BB1624752A97F5CF00162531 /* DetailsFood */ = {
			isa = PBXGroup;
			children = (
				BB1624772A97F5DD00162531 /* View */,
				BB1624762A97F5D700162531 /* Controller */,
			);
			path = DetailsFood;
			sourceTree = "<group>";
		};
		BB1624762A97F5D700162531 /* Controller */ = {
			isa = PBXGroup;
			children = (
				88272B9F2A388AB100B807BD /* DetailSheetViewController.swift */,
			);
			path = Controller;
			sourceTree = "<group>";
		};
		BB1624772A97F5DD00162531 /* View */ = {
			isa = PBXGroup;
			children = (
				886664942A31005D0031D242 /* DetailSheetView.swift */,
				BB08F31B2AA26D4D00116A68 /* Views */,
			);
			path = View;
			sourceTree = "<group>";
		};
		BB1624792A97F60600162531 /* Common */ = {
			isa = PBXGroup;
			children = (
				BB16247A2A97F61100162531 /* Model */,
				BB1624862A97F9B500162531 /* View */,
			);
			path = Common;
			sourceTree = "<group>";
		};
		BB16247A2A97F61100162531 /* Model */ = {
			isa = PBXGroup;
			children = (
				BB3B0EBB2A37965500774A3D /* FastFilterModel.swift */,
				3F1252ED2A26700C0048E7FB /* SeasonalityModel.swift */,
				3F1252E92A266DD90048E7FB /* FoodModel.swift */,
			);
			path = Model;
			sourceTree = "<group>";
		};
		BB16247B2A97F8B900162531 /* FoodScreen */ = {
			isa = PBXGroup;
			children = (
				BB16247D2A97F90400162531 /* View */,
				BB16247C2A97F8F700162531 /* Controller */,
			);
			path = FoodScreen;
			sourceTree = "<group>";
		};
		BB16247C2A97F8F700162531 /* Controller */ = {
			isa = PBXGroup;
			children = (
				BBD62F562A27BE42001F71ED /* FoodViewController.swift */,
			);
			path = Controller;
			sourceTree = "<group>";
		};
		BB16247D2A97F90400162531 /* View */ = {
			isa = PBXGroup;
			children = (
				BBD62F702A2996AE001F71ED /* FoodView.swift */,
			);
			path = View;
			sourceTree = "<group>";
		};
		BB16247F2A97F93C00162531 /* SearchScreen */ = {
			isa = PBXGroup;
			children = (
				BB1624812A97F94700162531 /* View */,
				BB1624802A97F94400162531 /* Controller */,
			);
			path = SearchScreen;
			sourceTree = "<group>";
		};
		BB1624802A97F94400162531 /* Controller */ = {
			isa = PBXGroup;
			children = (
				889904812A2A0BA40067FEC7 /* SearchViewController.swift */,
			);
			path = Controller;
			sourceTree = "<group>";
		};
		BB1624812A97F94700162531 /* View */ = {
			isa = PBXGroup;
			children = (
				88B469512A299CCB00755698 /* SearchView.swift */,
			);
			path = View;
			sourceTree = "<group>";
		};
		BB1624832A97F96200162531 /* MonthSelection */ = {
			isa = PBXGroup;
			children = (
				BB1624852A97F98000162531 /* View */,
				BB1624842A97F97100162531 /* Controller */,
			);
			path = MonthSelection;
			sourceTree = "<group>";
		};
		BB1624842A97F97100162531 /* Controller */ = {
			isa = PBXGroup;
			children = (
				BBD62F582A27CC5B001F71ED /* MonthSelectionViewController.swift */,
			);
			path = Controller;
			sourceTree = "<group>";
		};
		BB1624852A97F98000162531 /* View */ = {
			isa = PBXGroup;
			children = (
				BBD62F5B2A27CD38001F71ED /* MonthSelectionView.swift */,
				BBD62F5D2A27CE5A001F71ED /* Views */,
			);
			path = View;
			sourceTree = "<group>";
		};
		BB1624862A97F9B500162531 /* View */ = {
			isa = PBXGroup;
			children = (
				BBD62F3F2A25291F001F71ED /* LaunchScreen.storyboard */,
				BB0EFA902A30FD07009DA542 /* FastFilter */,
				BBD62F752A299700001F71ED /* Cells */,
				BBD62F732A2996F3001F71ED /* FoodCollectionView.swift */,
				88B4694E2A2995BF00755698 /* SearchBarComponent.swift */,
				88272BA12A39036800B807BD /* SeasonalityCollectionViewComponent.swift */,
			);
			path = View;
			sourceTree = "<group>";
		};
		BB1624872A97F9D200162531 /* TabBar */ = {
			isa = PBXGroup;
			children = (
				BB1624882A97F9D800162531 /* Controller */,
			);
			path = TabBar;
			sourceTree = "<group>";
		};
		BB1624882A97F9D800162531 /* Controller */ = {
			isa = PBXGroup;
			children = (
				BBD62F042A2516A0001F71ED /* TabBarViewController.swift */,
			);
			path = Controller;
			sourceTree = "<group>";
		};
		BB1624892A9CFA3600162531 /* Features */ = {
			isa = PBXGroup;
			children = (
				BB1624792A97F60600162531 /* Common */,
				BB1624872A97F9D200162531 /* TabBar */,
				BB1624832A97F96200162531 /* MonthSelection */,
				BB16247F2A97F93C00162531 /* SearchScreen */,
				BB16247B2A97F8B900162531 /* FoodScreen */,
				BB1624752A97F5CF00162531 /* DetailsFood */,
				BB1624712A97F59B00162531 /* Favorite */,
				BB16246D2A97F56200162531 /* Category */,
				BB1624692A97F4E400162531 /* ShoppingLists */,
			);
			path = Features;
			sourceTree = "<group>";
		};
		BB3F834A2A61ACF700C0DFA1 /* Views */ = {
			isa = PBXGroup;
			children = (
				BB3F834C2A61AD1B00C0DFA1 /* ShoppingListsTableView.swift */,
				BB3F834B2A61AD0500C0DFA1 /* Cells */,
			);
			path = Views;
			sourceTree = "<group>";
		};
		BB3F834B2A61AD0500C0DFA1 /* Cells */ = {
			isa = PBXGroup;
			children = (
				BB3F834E2A61AD5800C0DFA1 /* ShoppingListsTableViewCell.swift */,
			);
			path = Cells;
			sourceTree = "<group>";
		};
		BBD62EF42A2516A0001F71ED = {
			isa = PBXGroup;
			children = (
				BBD62EFF2A2516A0001F71ED /* MacroChallenge */,
				BBD62F162A2516A1001F71ED /* MacroChallengeTests */,
				BBD62EFE2A2516A0001F71ED /* Products */,
			);
			sourceTree = "<group>";
		};
		BBD62EFE2A2516A0001F71ED /* Products */ = {
			isa = PBXGroup;
			children = (
				BBD62EFD2A2516A0001F71ED /* MacroChallenge.app */,
				BBD62F132A2516A1001F71ED /* MacroChallengeTests.xctest */,
			);
			name = Products;
			sourceTree = "<group>";
		};
		BBD62EFF2A2516A0001F71ED /* MacroChallenge */ = {
			isa = PBXGroup;
			children = (
				BB1624672A97F30200162531 /* Code */,
				3F47FB232A25199800356430 /* Resource */,
				BB1624682A97F4A200162531 /* Supporting */,
				BBD62F0E2A2516A1001F71ED /* Info.plist */,
			);
			path = MacroChallenge;
			sourceTree = "<group>";
		};
		BBD62F162A2516A1001F71ED /* MacroChallengeTests */ = {
			isa = PBXGroup;
			children = (
				3F1252EF2A267EF50048E7FB /* FoodManagerTests.swift */,
				8894BF202A3B9D4000C97894 /* FavoriteTests.swift */,
				BBD62F632A290442001F71ED /* MonthSelectionTests.swift */,
				BB51055E2A421EEF002A928F /* FastFilterTests.swift */,
				BBC8CCFC2A5DC70900D26D64 /* BoughtListTests.swift */,
			);
			path = MacroChallengeTests;
			sourceTree = "<group>";
		};
		BBD62F332A25170B001F71ED /* Utils */ = {
			isa = PBXGroup;
			children = (
				3F1252E72A266C230048E7FB /* FoodManager.swift */,
				BBD62F372A251C8B001F71ED /* ViewCode.swift */,
				883A7F1A2A429F1A00E7D4E1 /* FavoriteList.swift */,
				BBD62F4F2A26695E001F71ED /* UIViewExtension.swift */,
				BB16248C2A9D221700162531 /* TabIcons.swift */,
				BB16248E2A9D2B4A00162531 /* Months.swift */,
				BB1624902A9D2BFF00162531 /* FastFilter.swift */,
				BB08F3192AA26A8800116A68 /* NotificationNameExtension.swift */,
			);
			path = Utils;
			sourceTree = "<group>";
		};
		BBD62F492A253F0B001F71ED /* Views */ = {
			isa = PBXGroup;
			children = (
				BBD62F4C2A254176001F71ED /* Cells */,
				BBD62F4A2A253F51001F71ED /* CategoryCollectionViewComponent.swift */,
			);
			path = Views;
			sourceTree = "<group>";
		};
		BBD62F4C2A254176001F71ED /* Cells */ = {
			isa = PBXGroup;
			children = (
				BBD62F4D2A254190001F71ED /* CategoryCollectionViewCell.swift */,
			);
			path = Cells;
			sourceTree = "<group>";
		};
		BBD62F5D2A27CE5A001F71ED /* Views */ = {
			isa = PBXGroup;
			children = (
				BBD62F602A2845CC001F71ED /* Cells */,
				BBD62F5E2A27CE7F001F71ED /* MonthSelectionCollectionView.swift */,
			);
			path = Views;
			sourceTree = "<group>";
		};
		BBD62F602A2845CC001F71ED /* Cells */ = {
			isa = PBXGroup;
			children = (
				BBD62F612A2845EE001F71ED /* MonthSelectionCollectionViewCell.swift */,
			);
			path = Cells;
			sourceTree = "<group>";
		};
		BBD62F752A299700001F71ED /* Cells */ = {
			isa = PBXGroup;
			children = (
				BBD912942A3B8B0000BE1BA5 /* FoodCollectionViewCell.swift */,
				88272BA32A39082C00B807BD /* SeasonalityCollectionViewCell.swift */,
			);
			path = Cells;
			sourceTree = "<group>";
		};
/* End PBXGroup section */

/* Begin PBXNativeTarget section */
		BBD62EFC2A2516A0001F71ED /* MacroChallenge */ = {
			isa = PBXNativeTarget;
			buildConfigurationList = BBD62F272A2516A1001F71ED /* Build configuration list for PBXNativeTarget "MacroChallenge" */;
			buildPhases = (
				BBD62EF92A2516A0001F71ED /* Sources */,
				BBD62EFA2A2516A0001F71ED /* Frameworks */,
				BBD62EFB2A2516A0001F71ED /* Resources */,
			);
			buildRules = (
			);
			dependencies = (
			);
			name = MacroChallenge;
			productName = MacroChallenge;
			productReference = BBD62EFD2A2516A0001F71ED /* MacroChallenge.app */;
			productType = "com.apple.product-type.application";
		};
		BBD62F122A2516A1001F71ED /* MacroChallengeTests */ = {
			isa = PBXNativeTarget;
			buildConfigurationList = BBD62F2A2A2516A1001F71ED /* Build configuration list for PBXNativeTarget "MacroChallengeTests" */;
			buildPhases = (
				BBD62F0F2A2516A1001F71ED /* Sources */,
				BBD62F102A2516A1001F71ED /* Frameworks */,
				BBD62F112A2516A1001F71ED /* Resources */,
			);
			buildRules = (
			);
			dependencies = (
				BBD62F152A2516A1001F71ED /* PBXTargetDependency */,
			);
			name = MacroChallengeTests;
			productName = MacroChallengeTests;
			productReference = BBD62F132A2516A1001F71ED /* MacroChallengeTests.xctest */;
			productType = "com.apple.product-type.bundle.unit-test";
		};
/* End PBXNativeTarget section */

/* Begin PBXProject section */
		BBD62EF52A2516A0001F71ED /* Project object */ = {
			isa = PBXProject;
			attributes = {
				BuildIndependentTargetsInParallel = 1;
				LastSwiftUpdateCheck = 1430;
				LastUpgradeCheck = 1430;
				TargetAttributes = {
					BBD62EFC2A2516A0001F71ED = {
						CreatedOnToolsVersion = 14.3;
					};
					BBD62F122A2516A1001F71ED = {
						CreatedOnToolsVersion = 14.3;
						TestTargetID = BBD62EFC2A2516A0001F71ED;
					};
				};
			};
			buildConfigurationList = BBD62EF82A2516A0001F71ED /* Build configuration list for PBXProject "MacroChallenge" */;
			compatibilityVersion = "Xcode 14.0";
			developmentRegion = en;
			hasScannedForEncodings = 0;
			knownRegions = (
				en,
				Base,
			);
			mainGroup = BBD62EF42A2516A0001F71ED;
			productRefGroup = BBD62EFE2A2516A0001F71ED /* Products */;
			projectDirPath = "";
			projectRoot = "";
			targets = (
				BBD62EFC2A2516A0001F71ED /* MacroChallenge */,
				BBD62F122A2516A1001F71ED /* MacroChallengeTests */,
			);
		};
/* End PBXProject section */

/* Begin PBXResourcesBuildPhase section */
		BBD62EFB2A2516A0001F71ED /* Resources */ = {
			isa = PBXResourcesBuildPhase;
			buildActionMask = 2147483647;
			files = (
				BBD62F0A2A2516A1001F71ED /* Assets.xcassets in Resources */,
				880A8CAF2A7B3AE700567920 /* Quicksand-Medium.ttf in Resources */,
				880A8CB92A7B43A100567920 /* SF-Pro-Display-Bold.otf in Resources */,
				3F47FB252A251A2E00356430 /* data.json in Resources */,
				880A8CB32A7B3AE700567920 /* Quicksand-Regular.ttf in Resources */,
				880A8CB12A7B3AE700567920 /* Quicksand-Light.ttf in Resources */,
				BBD62F402A25291F001F71ED /* LaunchScreen.storyboard in Resources */,
				880A8CB22A7B3AE700567920 /* Quicksand-SemiBold.ttf in Resources */,
				880A8CBB2A7B43B400567920 /* SF-Pro-Display-Regular.otf in Resources */,
				880A8CB02A7B3AE700567920 /* Quicksand-Bold.ttf in Resources */,
			);
			runOnlyForDeploymentPostprocessing = 0;
		};
		BBD62F112A2516A1001F71ED /* Resources */ = {
			isa = PBXResourcesBuildPhase;
			buildActionMask = 2147483647;
			files = (
			);
			runOnlyForDeploymentPostprocessing = 0;
		};
/* End PBXResourcesBuildPhase section */

/* Begin PBXSourcesBuildPhase section */
		BBD62EF92A2516A0001F71ED /* Sources */ = {
			isa = PBXSourcesBuildPhase;
			buildActionMask = 2147483647;
			files = (
				BB0EFB312A336EF7009DA542 /* FilterSelectedCollectionViewCell.swift in Sources */,
				BBD62F712A2996AE001F71ED /* FoodView.swift in Sources */,
				BB3F83512A65C54700C0DFA1 /* ShoppingListCreateViewController.swift in Sources */,
				BBD62F5F2A27CE7F001F71ED /* MonthSelectionCollectionView.swift in Sources */,
				BBD62F052A2516A0001F71ED /* TabBarViewController.swift in Sources */,
				3F1252E82A266C230048E7FB /* FoodManager.swift in Sources */,
				BB3F834D2A61AD1B00C0DFA1 /* ShoppingListsTableView.swift in Sources */,
				BBD62F622A2845EE001F71ED /* MonthSelectionCollectionViewCell.swift in Sources */,
				88B469522A299CCB00755698 /* SearchView.swift in Sources */,
				883A7F192A42700D00E7D4E1 /* FavoriteFoodView.swift in Sources */,
				BB3F83462A61A6FD00C0DFA1 /* ShoppingListsViewController.swift in Sources */,
				BB0EFA982A311DE7009DA542 /* FilterCollectionViewCell.swift in Sources */,
				BB16248D2A9D221700162531 /* TabIcons.swift in Sources */,
				88B4694F2A2995BF00755698 /* SearchBarComponent.swift in Sources */,
				BB0EFA952A30FD66009DA542 /* FilterCollectionView.swift in Sources */,
				BBD62F592A27CC5B001F71ED /* MonthSelectionViewController.swift in Sources */,
				BBD62F572A27BE42001F71ED /* FoodViewController.swift in Sources */,
				BBD62F012A2516A0001F71ED /* AppDelegate.swift in Sources */,
				3F1252EA2A266DD90048E7FB /* FoodModel.swift in Sources */,
				BBC8CCF92A5C8CB600D26D64 /* ShoppingListModel.swift in Sources */,
				BBD62F502A26695E001F71ED /* UIViewExtension.swift in Sources */,
				BBD62F742A2996F3001F71ED /* FoodCollectionView.swift in Sources */,
				BBD62F5C2A27CD38001F71ED /* MonthSelectionView.swift in Sources */,
				BBD62F4B2A253F51001F71ED /* CategoryCollectionViewComponent.swift in Sources */,
				BBD62F422A253C90001F71ED /* CategoryViewController.swift in Sources */,
				BB3F834F2A61AD5800C0DFA1 /* ShoppingListsTableViewCell.swift in Sources */,
				883A7F1B2A429F1A00E7D4E1 /* FavoriteList.swift in Sources */,
				BB3F83542A65C5C700C0DFA1 /* ShoppingListCreateView.swift in Sources */,
				883A7F162A426FD100E7D4E1 /* FavoriteFoodViewController.swift in Sources */,
				BB08F31A2AA26A8800116A68 /* NotificationNameExtension.swift in Sources */,
				8894BF232A3BA97500C97894 /* TitleDetailView.swift in Sources */,
				889904822A2A0BA40067FEC7 /* SearchViewController.swift in Sources */,
				88272BA02A388AB100B807BD /* DetailSheetViewController.swift in Sources */,
				BB16248F2A9D2B4A00162531 /* Months.swift in Sources */,
				BBD62F032A2516A0001F71ED /* SceneDelegate.swift in Sources */,
				BBD62F4E2A254190001F71ED /* CategoryCollectionViewCell.swift in Sources */,
				BBD62F382A251C8B001F71ED /* ViewCode.swift in Sources */,
				BB0EFA922A30FD3E009DA542 /* FilterSelectedCollectionView.swift in Sources */,
				3F1252EC2A266FE00048E7FB /* CategoryModel.swift in Sources */,
				BB3F83492A61A8FF00C0DFA1 /* ShoppingListsView.swift in Sources */,
				BBC8CCFB2A5C8CBF00D26D64 /* ItemShoppingListModel.swift in Sources */,
				88272BA42A39082C00B807BD /* SeasonalityCollectionViewCell.swift in Sources */,
				3F1252EE2A26700C0048E7FB /* SeasonalityModel.swift in Sources */,
				BBD62F442A253D29001F71ED /* CategoryView.swift in Sources */,
				886664952A31005D0031D242 /* DetailSheetView.swift in Sources */,
				BB1624912A9D2BFF00162531 /* FastFilter.swift in Sources */,
				BBD912952A3B8B0000BE1BA5 /* FoodCollectionViewCell.swift in Sources */,
				88272BA22A39036800B807BD /* SeasonalityCollectionViewComponent.swift in Sources */,
				BB0EFA8F2A30F625009DA542 /* FastFilterComponent.swift in Sources */,
				BB3B0EBC2A37965500774A3D /* FastFilterModel.swift in Sources */,
			);
			runOnlyForDeploymentPostprocessing = 0;
		};
		BBD62F0F2A2516A1001F71ED /* Sources */ = {
			isa = PBXSourcesBuildPhase;
			buildActionMask = 2147483647;
			files = (
				8894BF212A3B9D4000C97894 /* FavoriteTests.swift in Sources */,
				BBC8CCFD2A5DC70900D26D64 /* BoughtListTests.swift in Sources */,
				3F1252F02A267EF50048E7FB /* FoodManagerTests.swift in Sources */,
				BBD62F642A290442001F71ED /* MonthSelectionTests.swift in Sources */,
				BB51055F2A421EEF002A928F /* FastFilterTests.swift in Sources */,
			);
			runOnlyForDeploymentPostprocessing = 0;
		};
/* End PBXSourcesBuildPhase section */

/* Begin PBXTargetDependency section */
		BBD62F152A2516A1001F71ED /* PBXTargetDependency */ = {
			isa = PBXTargetDependency;
			target = BBD62EFC2A2516A0001F71ED /* MacroChallenge */;
			targetProxy = BBD62F142A2516A1001F71ED /* PBXContainerItemProxy */;
		};
/* End PBXTargetDependency section */

/* Begin XCBuildConfiguration section */
		BBD62F252A2516A1001F71ED /* Debug */ = {
			isa = XCBuildConfiguration;
			buildSettings = {
				ALWAYS_SEARCH_USER_PATHS = NO;
				CLANG_ANALYZER_NONNULL = YES;
				CLANG_ANALYZER_NUMBER_OBJECT_CONVERSION = YES_AGGRESSIVE;
				CLANG_CXX_LANGUAGE_STANDARD = "gnu++20";
				CLANG_ENABLE_MODULES = YES;
				CLANG_ENABLE_OBJC_ARC = YES;
				CLANG_ENABLE_OBJC_WEAK = YES;
				CLANG_WARN_BLOCK_CAPTURE_AUTORELEASING = YES;
				CLANG_WARN_BOOL_CONVERSION = YES;
				CLANG_WARN_COMMA = YES;
				CLANG_WARN_CONSTANT_CONVERSION = YES;
				CLANG_WARN_DEPRECATED_OBJC_IMPLEMENTATIONS = YES;
				CLANG_WARN_DIRECT_OBJC_ISA_USAGE = YES_ERROR;
				CLANG_WARN_DOCUMENTATION_COMMENTS = YES;
				CLANG_WARN_EMPTY_BODY = YES;
				CLANG_WARN_ENUM_CONVERSION = YES;
				CLANG_WARN_INFINITE_RECURSION = YES;
				CLANG_WARN_INT_CONVERSION = YES;
				CLANG_WARN_NON_LITERAL_NULL_CONVERSION = YES;
				CLANG_WARN_OBJC_IMPLICIT_RETAIN_SELF = YES;
				CLANG_WARN_OBJC_LITERAL_CONVERSION = YES;
				CLANG_WARN_OBJC_ROOT_CLASS = YES_ERROR;
				CLANG_WARN_QUOTED_INCLUDE_IN_FRAMEWORK_HEADER = YES;
				CLANG_WARN_RANGE_LOOP_ANALYSIS = YES;
				CLANG_WARN_STRICT_PROTOTYPES = YES;
				CLANG_WARN_SUSPICIOUS_MOVE = YES;
				CLANG_WARN_UNGUARDED_AVAILABILITY = YES_AGGRESSIVE;
				CLANG_WARN_UNREACHABLE_CODE = YES;
				CLANG_WARN__DUPLICATE_METHOD_MATCH = YES;
				COPY_PHASE_STRIP = NO;
				DEBUG_INFORMATION_FORMAT = dwarf;
				ENABLE_STRICT_OBJC_MSGSEND = YES;
				ENABLE_TESTABILITY = YES;
				GCC_C_LANGUAGE_STANDARD = gnu11;
				GCC_DYNAMIC_NO_PIC = NO;
				GCC_NO_COMMON_BLOCKS = YES;
				GCC_OPTIMIZATION_LEVEL = 0;
				GCC_PREPROCESSOR_DEFINITIONS = (
					"DEBUG=1",
					"$(inherited)",
				);
				GCC_WARN_64_TO_32_BIT_CONVERSION = YES;
				GCC_WARN_ABOUT_RETURN_TYPE = YES_ERROR;
				GCC_WARN_UNDECLARED_SELECTOR = YES;
				GCC_WARN_UNINITIALIZED_AUTOS = YES_AGGRESSIVE;
				GCC_WARN_UNUSED_FUNCTION = YES;
				GCC_WARN_UNUSED_VARIABLE = YES;
				IPHONEOS_DEPLOYMENT_TARGET = 16.4;
				MTL_ENABLE_DEBUG_INFO = INCLUDE_SOURCE;
				MTL_FAST_MATH = YES;
				ONLY_ACTIVE_ARCH = YES;
				SDKROOT = iphoneos;
				SWIFT_ACTIVE_COMPILATION_CONDITIONS = DEBUG;
				SWIFT_OPTIMIZATION_LEVEL = "-Onone";
			};
			name = Debug;
		};
		BBD62F262A2516A1001F71ED /* Release */ = {
			isa = XCBuildConfiguration;
			buildSettings = {
				ALWAYS_SEARCH_USER_PATHS = NO;
				CLANG_ANALYZER_NONNULL = YES;
				CLANG_ANALYZER_NUMBER_OBJECT_CONVERSION = YES_AGGRESSIVE;
				CLANG_CXX_LANGUAGE_STANDARD = "gnu++20";
				CLANG_ENABLE_MODULES = YES;
				CLANG_ENABLE_OBJC_ARC = YES;
				CLANG_ENABLE_OBJC_WEAK = YES;
				CLANG_WARN_BLOCK_CAPTURE_AUTORELEASING = YES;
				CLANG_WARN_BOOL_CONVERSION = YES;
				CLANG_WARN_COMMA = YES;
				CLANG_WARN_CONSTANT_CONVERSION = YES;
				CLANG_WARN_DEPRECATED_OBJC_IMPLEMENTATIONS = YES;
				CLANG_WARN_DIRECT_OBJC_ISA_USAGE = YES_ERROR;
				CLANG_WARN_DOCUMENTATION_COMMENTS = YES;
				CLANG_WARN_EMPTY_BODY = YES;
				CLANG_WARN_ENUM_CONVERSION = YES;
				CLANG_WARN_INFINITE_RECURSION = YES;
				CLANG_WARN_INT_CONVERSION = YES;
				CLANG_WARN_NON_LITERAL_NULL_CONVERSION = YES;
				CLANG_WARN_OBJC_IMPLICIT_RETAIN_SELF = YES;
				CLANG_WARN_OBJC_LITERAL_CONVERSION = YES;
				CLANG_WARN_OBJC_ROOT_CLASS = YES_ERROR;
				CLANG_WARN_QUOTED_INCLUDE_IN_FRAMEWORK_HEADER = YES;
				CLANG_WARN_RANGE_LOOP_ANALYSIS = YES;
				CLANG_WARN_STRICT_PROTOTYPES = YES;
				CLANG_WARN_SUSPICIOUS_MOVE = YES;
				CLANG_WARN_UNGUARDED_AVAILABILITY = YES_AGGRESSIVE;
				CLANG_WARN_UNREACHABLE_CODE = YES;
				CLANG_WARN__DUPLICATE_METHOD_MATCH = YES;
				COPY_PHASE_STRIP = NO;
				DEBUG_INFORMATION_FORMAT = "dwarf-with-dsym";
				ENABLE_NS_ASSERTIONS = NO;
				ENABLE_STRICT_OBJC_MSGSEND = YES;
				GCC_C_LANGUAGE_STANDARD = gnu11;
				GCC_NO_COMMON_BLOCKS = YES;
				GCC_WARN_64_TO_32_BIT_CONVERSION = YES;
				GCC_WARN_ABOUT_RETURN_TYPE = YES_ERROR;
				GCC_WARN_UNDECLARED_SELECTOR = YES;
				GCC_WARN_UNINITIALIZED_AUTOS = YES_AGGRESSIVE;
				GCC_WARN_UNUSED_FUNCTION = YES;
				GCC_WARN_UNUSED_VARIABLE = YES;
				IPHONEOS_DEPLOYMENT_TARGET = 16.4;
				MTL_ENABLE_DEBUG_INFO = NO;
				MTL_FAST_MATH = YES;
				SDKROOT = iphoneos;
				SWIFT_COMPILATION_MODE = wholemodule;
				SWIFT_OPTIMIZATION_LEVEL = "-O";
				VALIDATE_PRODUCT = YES;
			};
			name = Release;
		};
		BBD62F282A2516A1001F71ED /* Debug */ = {
			isa = XCBuildConfiguration;
			buildSettings = {
				ASSETCATALOG_COMPILER_APPICON_NAME = AppIcon;
				ASSETCATALOG_COMPILER_GLOBAL_ACCENT_COLOR_NAME = AccentColor;
				CODE_SIGN_STYLE = Automatic;
				CURRENT_PROJECT_VERSION = 1;
				DEVELOPMENT_TEAM = 273QY7G77Q;
				GENERATE_INFOPLIST_FILE = YES;
				INFOPLIST_FILE = MacroChallenge/Info.plist;
				INFOPLIST_KEY_CFBundleDisplayName = Sazoni;
				INFOPLIST_KEY_LSApplicationCategoryType = "public.app-category.utilities";
				INFOPLIST_KEY_UIApplicationSupportsIndirectInputEvents = YES;
				INFOPLIST_KEY_UILaunchStoryboardName = LaunchScreen;
				INFOPLIST_KEY_UISupportedInterfaceOrientations = UIInterfaceOrientationPortrait;
				IPHONEOS_DEPLOYMENT_TARGET = 16.0;
				LD_RUNPATH_SEARCH_PATHS = (
					"$(inherited)",
					"@executable_path/Frameworks",
				);
				MARKETING_VERSION = 1.0;
				PRODUCT_BUNDLE_IDENTIFIER = com.sazoni.MacroChallenge;
				PRODUCT_NAME = "$(TARGET_NAME)";
				SUPPORTED_PLATFORMS = "iphoneos iphonesimulator";
				SUPPORTS_MACCATALYST = NO;
				SUPPORTS_MAC_DESIGNED_FOR_IPHONE_IPAD = NO;
				SWIFT_EMIT_LOC_STRINGS = YES;
				SWIFT_VERSION = 5.0;
				TARGETED_DEVICE_FAMILY = 1;
			};
			name = Debug;
		};
		BBD62F292A2516A1001F71ED /* Release */ = {
			isa = XCBuildConfiguration;
			buildSettings = {
				ASSETCATALOG_COMPILER_APPICON_NAME = AppIcon;
				ASSETCATALOG_COMPILER_GLOBAL_ACCENT_COLOR_NAME = AccentColor;
				CODE_SIGN_STYLE = Automatic;
				CURRENT_PROJECT_VERSION = 1;
				DEVELOPMENT_TEAM = 273QY7G77Q;
				GENERATE_INFOPLIST_FILE = YES;
				INFOPLIST_FILE = MacroChallenge/Info.plist;
				INFOPLIST_KEY_CFBundleDisplayName = Sazoni;
				INFOPLIST_KEY_LSApplicationCategoryType = "public.app-category.utilities";
				INFOPLIST_KEY_UIApplicationSupportsIndirectInputEvents = YES;
				INFOPLIST_KEY_UILaunchStoryboardName = LaunchScreen;
				INFOPLIST_KEY_UISupportedInterfaceOrientations = UIInterfaceOrientationPortrait;
				IPHONEOS_DEPLOYMENT_TARGET = 16.0;
				LD_RUNPATH_SEARCH_PATHS = (
					"$(inherited)",
					"@executable_path/Frameworks",
				);
				MARKETING_VERSION = 1.0;
				PRODUCT_BUNDLE_IDENTIFIER = com.sazoni.MacroChallenge;
				PRODUCT_NAME = "$(TARGET_NAME)";
				SUPPORTED_PLATFORMS = "iphoneos iphonesimulator";
				SUPPORTS_MACCATALYST = NO;
				SUPPORTS_MAC_DESIGNED_FOR_IPHONE_IPAD = NO;
				SWIFT_EMIT_LOC_STRINGS = YES;
				SWIFT_VERSION = 5.0;
				TARGETED_DEVICE_FAMILY = 1;
			};
			name = Release;
		};
		BBD62F2B2A2516A1001F71ED /* Debug */ = {
			isa = XCBuildConfiguration;
			buildSettings = {
				ALWAYS_EMBED_SWIFT_STANDARD_LIBRARIES = YES;
				BUNDLE_LOADER = "$(TEST_HOST)";
				CODE_SIGN_STYLE = Automatic;
				CURRENT_PROJECT_VERSION = 1;
				DEVELOPMENT_TEAM = 273QY7G77Q;
				GENERATE_INFOPLIST_FILE = YES;
				IPHONEOS_DEPLOYMENT_TARGET = 16.4;
				MARKETING_VERSION = 1.0;
				PRODUCT_BUNDLE_IDENTIFIER = com.phsouza.MacroChallengeTests;
				PRODUCT_NAME = "$(TARGET_NAME)";
				SWIFT_EMIT_LOC_STRINGS = NO;
				SWIFT_VERSION = 5.0;
				TARGETED_DEVICE_FAMILY = "1,2";
				TEST_HOST = "$(BUILT_PRODUCTS_DIR)/MacroChallenge.app/$(BUNDLE_EXECUTABLE_FOLDER_PATH)/MacroChallenge";
			};
			name = Debug;
		};
		BBD62F2C2A2516A1001F71ED /* Release */ = {
			isa = XCBuildConfiguration;
			buildSettings = {
				ALWAYS_EMBED_SWIFT_STANDARD_LIBRARIES = YES;
				BUNDLE_LOADER = "$(TEST_HOST)";
				CODE_SIGN_STYLE = Automatic;
				CURRENT_PROJECT_VERSION = 1;
				DEVELOPMENT_TEAM = 273QY7G77Q;
				GENERATE_INFOPLIST_FILE = YES;
				IPHONEOS_DEPLOYMENT_TARGET = 16.4;
				MARKETING_VERSION = 1.0;
				PRODUCT_BUNDLE_IDENTIFIER = com.phsouza.MacroChallengeTests;
				PRODUCT_NAME = "$(TARGET_NAME)";
				SWIFT_EMIT_LOC_STRINGS = NO;
				SWIFT_VERSION = 5.0;
				TARGETED_DEVICE_FAMILY = "1,2";
				TEST_HOST = "$(BUILT_PRODUCTS_DIR)/MacroChallenge.app/$(BUNDLE_EXECUTABLE_FOLDER_PATH)/MacroChallenge";
			};
			name = Release;
		};
/* End XCBuildConfiguration section */

/* Begin XCConfigurationList section */
		BBD62EF82A2516A0001F71ED /* Build configuration list for PBXProject "MacroChallenge" */ = {
			isa = XCConfigurationList;
			buildConfigurations = (
				BBD62F252A2516A1001F71ED /* Debug */,
				BBD62F262A2516A1001F71ED /* Release */,
			);
			defaultConfigurationIsVisible = 0;
			defaultConfigurationName = Release;
		};
		BBD62F272A2516A1001F71ED /* Build configuration list for PBXNativeTarget "MacroChallenge" */ = {
			isa = XCConfigurationList;
			buildConfigurations = (
				BBD62F282A2516A1001F71ED /* Debug */,
				BBD62F292A2516A1001F71ED /* Release */,
			);
			defaultConfigurationIsVisible = 0;
			defaultConfigurationName = Release;
		};
		BBD62F2A2A2516A1001F71ED /* Build configuration list for PBXNativeTarget "MacroChallengeTests" */ = {
			isa = XCConfigurationList;
			buildConfigurations = (
				BBD62F2B2A2516A1001F71ED /* Debug */,
				BBD62F2C2A2516A1001F71ED /* Release */,
			);
			defaultConfigurationIsVisible = 0;
			defaultConfigurationName = Release;
		};
/* End XCConfigurationList section */
	};
	rootObject = BBD62EF52A2516A0001F71ED /* Project object */;
}
