// !$*UTF8*$!
{
	archiveVersion = 1;
	classes = {
	};
	objectVersion = 56;
	objects = {

/* Begin PBXBuildFile section */
		3F1252E82A266C230048E7FB /* FoodManager.swift in Sources */ = {isa = PBXBuildFile; fileRef = 3F1252E72A266C230048E7FB /* FoodManager.swift */; };
		3F1252EA2A266DD90048E7FB /* FoodModel.swift in Sources */ = {isa = PBXBuildFile; fileRef = 3F1252E92A266DD90048E7FB /* FoodModel.swift */; };
		3F1252EC2A266FE00048E7FB /* CategoryModel.swift in Sources */ = {isa = PBXBuildFile; fileRef = 3F1252EB2A266FE00048E7FB /* CategoryModel.swift */; };
		3F1252EE2A26700C0048E7FB /* SeasonalityModel.swift in Sources */ = {isa = PBXBuildFile; fileRef = 3F1252ED2A26700C0048E7FB /* SeasonalityModel.swift */; };
		3F1252F02A267EF50048E7FB /* FoodManagerTests.swift in Sources */ = {isa = PBXBuildFile; fileRef = 3F1252EF2A267EF50048E7FB /* FoodManagerTests.swift */; };
		3F47FB252A251A2E00356430 /* data.json in Resources */ = {isa = PBXBuildFile; fileRef = 3F47FB242A251A2E00356430 /* data.json */; };
		BBD62F012A2516A0001F71ED /* AppDelegate.swift in Sources */ = {isa = PBXBuildFile; fileRef = BBD62F002A2516A0001F71ED /* AppDelegate.swift */; };
		BBD62F032A2516A0001F71ED /* SceneDelegate.swift in Sources */ = {isa = PBXBuildFile; fileRef = BBD62F022A2516A0001F71ED /* SceneDelegate.swift */; };
		BBD62F052A2516A0001F71ED /* TabBarViewController.swift in Sources */ = {isa = PBXBuildFile; fileRef = BBD62F042A2516A0001F71ED /* TabBarViewController.swift */; };
		BBD62F0A2A2516A1001F71ED /* Assets.xcassets in Resources */ = {isa = PBXBuildFile; fileRef = BBD62F092A2516A1001F71ED /* Assets.xcassets */; };
		BBD62F182A2516A1001F71ED /* MacroChallengeTests.swift in Sources */ = {isa = PBXBuildFile; fileRef = BBD62F172A2516A1001F71ED /* MacroChallengeTests.swift */; };
		BBD62F382A251C8B001F71ED /* ViewCode.swift in Sources */ = {isa = PBXBuildFile; fileRef = BBD62F372A251C8B001F71ED /* ViewCode.swift */; };
		BBD62F3C2A2525A8001F71ED /* ExampleViewController.swift in Sources */ = {isa = PBXBuildFile; fileRef = BBD62F3B2A2525A8001F71ED /* ExampleViewController.swift */; };
		BBD62F3E2A25278D001F71ED /* ExampleSecondaryViewController.swift in Sources */ = {isa = PBXBuildFile; fileRef = BBD62F3D2A25278D001F71ED /* ExampleSecondaryViewController.swift */; };
		BBD62F402A25291F001F71ED /* LaunchScreen.storyboard in Resources */ = {isa = PBXBuildFile; fileRef = BBD62F3F2A25291F001F71ED /* LaunchScreen.storyboard */; };
/* End PBXBuildFile section */

/* Begin PBXContainerItemProxy section */
		BBD62F142A2516A1001F71ED /* PBXContainerItemProxy */ = {
			isa = PBXContainerItemProxy;
			containerPortal = BBD62EF52A2516A0001F71ED /* Project object */;
			proxyType = 1;
			remoteGlobalIDString = BBD62EFC2A2516A0001F71ED;
			remoteInfo = MacroChallenge;
		};
/* End PBXContainerItemProxy section */

/* Begin PBXFileReference section */
		3F1252E72A266C230048E7FB /* FoodManager.swift */ = {isa = PBXFileReference; lastKnownFileType = sourcecode.swift; name = FoodManager.swift; path = MacroChallenge/Utils/FoodManager.swift; sourceTree = SOURCE_ROOT; };
		3F1252E92A266DD90048E7FB /* FoodModel.swift */ = {isa = PBXFileReference; lastKnownFileType = sourcecode.swift; name = FoodModel.swift; path = MacroChallenge/Source/FoodModel.swift; sourceTree = SOURCE_ROOT; };
		3F1252EB2A266FE00048E7FB /* CategoryModel.swift */ = {isa = PBXFileReference; lastKnownFileType = sourcecode.swift; name = CategoryModel.swift; path = MacroChallenge/Source/CategoryModel.swift; sourceTree = SOURCE_ROOT; };
		3F1252ED2A26700C0048E7FB /* SeasonalityModel.swift */ = {isa = PBXFileReference; lastKnownFileType = sourcecode.swift; name = SeasonalityModel.swift; path = MacroChallenge/Source/SeasonalityModel.swift; sourceTree = SOURCE_ROOT; };
		3F1252EF2A267EF50048E7FB /* FoodManagerTests.swift */ = {isa = PBXFileReference; lastKnownFileType = sourcecode.swift; path = FoodManagerTests.swift; sourceTree = "<group>"; };
		3F47FB242A251A2E00356430 /* data.json */ = {isa = PBXFileReference; lastKnownFileType = text.json; path = data.json; sourceTree = "<group>"; };
		BBD62EFD2A2516A0001F71ED /* MacroChallenge.app */ = {isa = PBXFileReference; explicitFileType = wrapper.application; includeInIndex = 0; path = MacroChallenge.app; sourceTree = BUILT_PRODUCTS_DIR; };
		BBD62F002A2516A0001F71ED /* AppDelegate.swift */ = {isa = PBXFileReference; lastKnownFileType = sourcecode.swift; path = AppDelegate.swift; sourceTree = "<group>"; };
		BBD62F022A2516A0001F71ED /* SceneDelegate.swift */ = {isa = PBXFileReference; lastKnownFileType = sourcecode.swift; path = SceneDelegate.swift; sourceTree = "<group>"; };
		BBD62F042A2516A0001F71ED /* TabBarViewController.swift */ = {isa = PBXFileReference; lastKnownFileType = sourcecode.swift; path = TabBarViewController.swift; sourceTree = "<group>"; };
		BBD62F092A2516A1001F71ED /* Assets.xcassets */ = {isa = PBXFileReference; lastKnownFileType = folder.assetcatalog; path = Assets.xcassets; sourceTree = "<group>"; };
		BBD62F0E2A2516A1001F71ED /* Info.plist */ = {isa = PBXFileReference; lastKnownFileType = text.plist.xml; path = Info.plist; sourceTree = "<group>"; };
		BBD62F132A2516A1001F71ED /* MacroChallengeTests.xctest */ = {isa = PBXFileReference; explicitFileType = wrapper.cfbundle; includeInIndex = 0; path = MacroChallengeTests.xctest; sourceTree = BUILT_PRODUCTS_DIR; };
		BBD62F172A2516A1001F71ED /* MacroChallengeTests.swift */ = {isa = PBXFileReference; lastKnownFileType = sourcecode.swift; path = MacroChallengeTests.swift; sourceTree = "<group>"; };
		BBD62F372A251C8B001F71ED /* ViewCode.swift */ = {isa = PBXFileReference; lastKnownFileType = sourcecode.swift; path = ViewCode.swift; sourceTree = "<group>"; };
		BBD62F3B2A2525A8001F71ED /* ExampleViewController.swift */ = {isa = PBXFileReference; lastKnownFileType = sourcecode.swift; path = ExampleViewController.swift; sourceTree = "<group>"; };
		BBD62F3D2A25278D001F71ED /* ExampleSecondaryViewController.swift */ = {isa = PBXFileReference; lastKnownFileType = sourcecode.swift; path = ExampleSecondaryViewController.swift; sourceTree = "<group>"; };
		BBD62F3F2A25291F001F71ED /* LaunchScreen.storyboard */ = {isa = PBXFileReference; lastKnownFileType = file.storyboard; name = LaunchScreen.storyboard; path = MacroChallenge/Controller/LaunchScreen.storyboard; sourceTree = SOURCE_ROOT; };
/* End PBXFileReference section */

/* Begin PBXFrameworksBuildPhase section */
		BBD62EFA2A2516A0001F71ED /* Frameworks */ = {
			isa = PBXFrameworksBuildPhase;
			buildActionMask = 2147483647;
			files = (
			);
			runOnlyForDeploymentPostprocessing = 0;
		};
		BBD62F102A2516A1001F71ED /* Frameworks */ = {
			isa = PBXFrameworksBuildPhase;
			buildActionMask = 2147483647;
			files = (
			);
			runOnlyForDeploymentPostprocessing = 0;
		};
/* End PBXFrameworksBuildPhase section */

/* Begin PBXGroup section */
		3F47FB232A25199800356430 /* Source */ = {
			isa = PBXGroup;
			children = (
				3F47FB242A251A2E00356430 /* data.json */,
			);
			path = Source;
			sourceTree = "<group>";
		};
		BBD62EF42A2516A0001F71ED = {
			isa = PBXGroup;
			children = (
				BBD62EFF2A2516A0001F71ED /* MacroChallenge */,
				BBD62F162A2516A1001F71ED /* MacroChallengeTests */,
				BBD62EFE2A2516A0001F71ED /* Products */,
			);
			sourceTree = "<group>";
		};
		BBD62EFE2A2516A0001F71ED /* Products */ = {
			isa = PBXGroup;
			children = (
				BBD62EFD2A2516A0001F71ED /* MacroChallenge.app */,
				BBD62F132A2516A1001F71ED /* MacroChallengeTests.xctest */,
			);
			name = Products;
			sourceTree = "<group>";
		};
		BBD62EFF2A2516A0001F71ED /* MacroChallenge */ = {
			isa = PBXGroup;
			children = (
				BBD62F092A2516A1001F71ED /* Assets.xcassets */,
				BBD62F002A2516A0001F71ED /* AppDelegate.swift */,
				BBD62F022A2516A0001F71ED /* SceneDelegate.swift */,
				3F47FB232A25199800356430 /* Source */,
				BBD62F332A25170B001F71ED /* Utils */,
				BBD62F302A2516D6001F71ED /* Model */,
				BBD62F312A2516DF001F71ED /* View */,
				BBD62F322A2516E4001F71ED /* Controller */,
				BBD62F0E2A2516A1001F71ED /* Info.plist */,
			);
			path = MacroChallenge;
			sourceTree = "<group>";
		};
		BBD62F162A2516A1001F71ED /* MacroChallengeTests */ = {
			isa = PBXGroup;
			children = (
				BBD62F172A2516A1001F71ED /* MacroChallengeTests.swift */,
				3F1252EF2A267EF50048E7FB /* FoodManagerTests.swift */,
			);
			path = MacroChallengeTests;
			sourceTree = "<group>";
		};
		BBD62F302A2516D6001F71ED /* Model */ = {
			isa = PBXGroup;
			children = (
				3F1252E92A266DD90048E7FB /* FoodModel.swift */,
				3F1252EB2A266FE00048E7FB /* CategoryModel.swift */,
				3F1252ED2A26700C0048E7FB /* SeasonalityModel.swift */,
			);
			path = Model;
			sourceTree = "<group>";
		};
		BBD62F312A2516DF001F71ED /* View */ = {
			isa = PBXGroup;
			children = (
				BBD62F3F2A25291F001F71ED /* LaunchScreen.storyboard */,
			);
			path = View;
			sourceTree = "<group>";
		};
		BBD62F322A2516E4001F71ED /* Controller */ = {
			isa = PBXGroup;
			children = (
				BBD62F042A2516A0001F71ED /* TabBarViewController.swift */,
				BBD62F3B2A2525A8001F71ED /* ExampleViewController.swift */,
				BBD62F3D2A25278D001F71ED /* ExampleSecondaryViewController.swift */,
			);
			path = Controller;
			sourceTree = "<group>";
		};
		BBD62F332A25170B001F71ED /* Utils */ = {
			isa = PBXGroup;
			children = (
				3F1252E72A266C230048E7FB /* FoodManager.swift */,
				BBD62F372A251C8B001F71ED /* ViewCode.swift */,
			);
			path = Utils;
			sourceTree = "<group>";
		};
/* End PBXGroup section */

/* Begin PBXNativeTarget section */
		BBD62EFC2A2516A0001F71ED /* MacroChallenge */ = {
			isa = PBXNativeTarget;
			buildConfigurationList = BBD62F272A2516A1001F71ED /* Build configuration list for PBXNativeTarget "MacroChallenge" */;
			buildPhases = (
				BBD62EF92A2516A0001F71ED /* Sources */,
				BBD62EFA2A2516A0001F71ED /* Frameworks */,
				BBD62EFB2A2516A0001F71ED /* Resources */,
			);
			buildRules = (
			);
			dependencies = (
			);
			name = MacroChallenge;
			productName = MacroChallenge;
			productReference = BBD62EFD2A2516A0001F71ED /* MacroChallenge.app */;
			productType = "com.apple.product-type.application";
		};
		BBD62F122A2516A1001F71ED /* MacroChallengeTests */ = {
			isa = PBXNativeTarget;
			buildConfigurationList = BBD62F2A2A2516A1001F71ED /* Build configuration list for PBXNativeTarget "MacroChallengeTests" */;
			buildPhases = (
				BBD62F0F2A2516A1001F71ED /* Sources */,
				BBD62F102A2516A1001F71ED /* Frameworks */,
				BBD62F112A2516A1001F71ED /* Resources */,
			);
			buildRules = (
			);
			dependencies = (
				BBD62F152A2516A1001F71ED /* PBXTargetDependency */,
			);
			name = MacroChallengeTests;
			productName = MacroChallengeTests;
			productReference = BBD62F132A2516A1001F71ED /* MacroChallengeTests.xctest */;
			productType = "com.apple.product-type.bundle.unit-test";
		};
/* End PBXNativeTarget section */

/* Begin PBXProject section */
		BBD62EF52A2516A0001F71ED /* Project object */ = {
			isa = PBXProject;
			attributes = {
				BuildIndependentTargetsInParallel = 1;
				LastSwiftUpdateCheck = 1430;
				LastUpgradeCheck = 1430;
				TargetAttributes = {
					BBD62EFC2A2516A0001F71ED = {
						CreatedOnToolsVersion = 14.3;
					};
					BBD62F122A2516A1001F71ED = {
						CreatedOnToolsVersion = 14.3;
						TestTargetID = BBD62EFC2A2516A0001F71ED;
					};
				};
			};
			buildConfigurationList = BBD62EF82A2516A0001F71ED /* Build configuration list for PBXProject "MacroChallenge" */;
			compatibilityVersion = "Xcode 14.0";
			developmentRegion = en;
			hasScannedForEncodings = 0;
			knownRegions = (
				en,
				Base,
			);
			mainGroup = BBD62EF42A2516A0001F71ED;
			productRefGroup = BBD62EFE2A2516A0001F71ED /* Products */;
			projectDirPath = "";
			projectRoot = "";
			targets = (
				BBD62EFC2A2516A0001F71ED /* MacroChallenge */,
				BBD62F122A2516A1001F71ED /* MacroChallengeTests */,
			);
		};
/* End PBXProject section */

/* Begin PBXResourcesBuildPhase section */
		BBD62EFB2A2516A0001F71ED /* Resources */ = {
			isa = PBXResourcesBuildPhase;
			buildActionMask = 2147483647;
			files = (
				BBD62F0A2A2516A1001F71ED /* Assets.xcassets in Resources */,
				3F47FB252A251A2E00356430 /* data.json in Resources */,
				BBD62F402A25291F001F71ED /* LaunchScreen.storyboard in Resources */,
			);
			runOnlyForDeploymentPostprocessing = 0;
		};
		BBD62F112A2516A1001F71ED /* Resources */ = {
			isa = PBXResourcesBuildPhase;
			buildActionMask = 2147483647;
			files = (
			);
			runOnlyForDeploymentPostprocessing = 0;
		};
/* End PBXResourcesBuildPhase section */

/* Begin PBXSourcesBuildPhase section */
		BBD62EF92A2516A0001F71ED /* Sources */ = {
			isa = PBXSourcesBuildPhase;
			buildActionMask = 2147483647;
			files = (
				BBD62F052A2516A0001F71ED /* TabBarViewController.swift in Sources */,
				3F1252E82A266C230048E7FB /* FoodManager.swift in Sources */,
				BBD62F012A2516A0001F71ED /* AppDelegate.swift in Sources */,
				3F1252EA2A266DD90048E7FB /* FoodModel.swift in Sources */,
				BBD62F3E2A25278D001F71ED /* ExampleSecondaryViewController.swift in Sources */,
				BBD62F032A2516A0001F71ED /* SceneDelegate.swift in Sources */,
				BBD62F382A251C8B001F71ED /* ViewCode.swift in Sources */,
				3F1252EC2A266FE00048E7FB /* CategoryModel.swift in Sources */,
				3F1252EE2A26700C0048E7FB /* SeasonalityModel.swift in Sources */,
				BBD62F3C2A2525A8001F71ED /* ExampleViewController.swift in Sources */,
			);
			runOnlyForDeploymentPostprocessing = 0;
		};
		BBD62F0F2A2516A1001F71ED /* Sources */ = {
			isa = PBXSourcesBuildPhase;
			buildActionMask = 2147483647;
			files = (
				BBD62F182A2516A1001F71ED /* MacroChallengeTests.swift in Sources */,
				3F1252F02A267EF50048E7FB /* FoodManagerTests.swift in Sources */,
			);
			runOnlyForDeploymentPostprocessing = 0;
		};
/* End PBXSourcesBuildPhase section */

/* Begin PBXTargetDependency section */
		BBD62F152A2516A1001F71ED /* PBXTargetDependency */ = {
			isa = PBXTargetDependency;
			target = BBD62EFC2A2516A0001F71ED /* MacroChallenge */;
			targetProxy = BBD62F142A2516A1001F71ED /* PBXContainerItemProxy */;
		};
/* End PBXTargetDependency section */

/* Begin XCBuildConfiguration section */
		BBD62F252A2516A1001F71ED /* Debug */ = {
			isa = XCBuildConfiguration;
			buildSettings = {
				ALWAYS_SEARCH_USER_PATHS = NO;
				CLANG_ANALYZER_NONNULL = YES;
				CLANG_ANALYZER_NUMBER_OBJECT_CONVERSION = YES_AGGRESSIVE;
				CLANG_CXX_LANGUAGE_STANDARD = "gnu++20";
				CLANG_ENABLE_MODULES = YES;
				CLANG_ENABLE_OBJC_ARC = YES;
				CLANG_ENABLE_OBJC_WEAK = YES;
				CLANG_WARN_BLOCK_CAPTURE_AUTORELEASING = YES;
				CLANG_WARN_BOOL_CONVERSION = YES;
				CLANG_WARN_COMMA = YES;
				CLANG_WARN_CONSTANT_CONVERSION = YES;
				CLANG_WARN_DEPRECATED_OBJC_IMPLEMENTATIONS = YES;
				CLANG_WARN_DIRECT_OBJC_ISA_USAGE = YES_ERROR;
				CLANG_WARN_DOCUMENTATION_COMMENTS = YES;
				CLANG_WARN_EMPTY_BODY = YES;
				CLANG_WARN_ENUM_CONVERSION = YES;
				CLANG_WARN_INFINITE_RECURSION = YES;
				CLANG_WARN_INT_CONVERSION = YES;
				CLANG_WARN_NON_LITERAL_NULL_CONVERSION = YES;
				CLANG_WARN_OBJC_IMPLICIT_RETAIN_SELF = YES;
				CLANG_WARN_OBJC_LITERAL_CONVERSION = YES;
				CLANG_WARN_OBJC_ROOT_CLASS = YES_ERROR;
				CLANG_WARN_QUOTED_INCLUDE_IN_FRAMEWORK_HEADER = YES;
				CLANG_WARN_RANGE_LOOP_ANALYSIS = YES;
				CLANG_WARN_STRICT_PROTOTYPES = YES;
				CLANG_WARN_SUSPICIOUS_MOVE = YES;
				CLANG_WARN_UNGUARDED_AVAILABILITY = YES_AGGRESSIVE;
				CLANG_WARN_UNREACHABLE_CODE = YES;
				CLANG_WARN__DUPLICATE_METHOD_MATCH = YES;
				COPY_PHASE_STRIP = NO;
				DEBUG_INFORMATION_FORMAT = dwarf;
				ENABLE_STRICT_OBJC_MSGSEND = YES;
				ENABLE_TESTABILITY = YES;
				GCC_C_LANGUAGE_STANDARD = gnu11;
				GCC_DYNAMIC_NO_PIC = NO;
				GCC_NO_COMMON_BLOCKS = YES;
				GCC_OPTIMIZATION_LEVEL = 0;
				GCC_PREPROCESSOR_DEFINITIONS = (
					"DEBUG=1",
					"$(inherited)",
				);
				GCC_WARN_64_TO_32_BIT_CONVERSION = YES;
				GCC_WARN_ABOUT_RETURN_TYPE = YES_ERROR;
				GCC_WARN_UNDECLARED_SELECTOR = YES;
				GCC_WARN_UNINITIALIZED_AUTOS = YES_AGGRESSIVE;
				GCC_WARN_UNUSED_FUNCTION = YES;
				GCC_WARN_UNUSED_VARIABLE = YES;
				IPHONEOS_DEPLOYMENT_TARGET = 16.4;
				MTL_ENABLE_DEBUG_INFO = INCLUDE_SOURCE;
				MTL_FAST_MATH = YES;
				ONLY_ACTIVE_ARCH = YES;
				SDKROOT = iphoneos;
				SWIFT_ACTIVE_COMPILATION_CONDITIONS = DEBUG;
				SWIFT_OPTIMIZATION_LEVEL = "-Onone";
			};
			name = Debug;
		};
		BBD62F262A2516A1001F71ED /* Release */ = {
			isa = XCBuildConfiguration;
			buildSettings = {
				ALWAYS_SEARCH_USER_PATHS = NO;
				CLANG_ANALYZER_NONNULL = YES;
				CLANG_ANALYZER_NUMBER_OBJECT_CONVERSION = YES_AGGRESSIVE;
				CLANG_CXX_LANGUAGE_STANDARD = "gnu++20";
				CLANG_ENABLE_MODULES = YES;
				CLANG_ENABLE_OBJC_ARC = YES;
				CLANG_ENABLE_OBJC_WEAK = YES;
				CLANG_WARN_BLOCK_CAPTURE_AUTORELEASING = YES;
				CLANG_WARN_BOOL_CONVERSION = YES;
				CLANG_WARN_COMMA = YES;
				CLANG_WARN_CONSTANT_CONVERSION = YES;
				CLANG_WARN_DEPRECATED_OBJC_IMPLEMENTATIONS = YES;
				CLANG_WARN_DIRECT_OBJC_ISA_USAGE = YES_ERROR;
				CLANG_WARN_DOCUMENTATION_COMMENTS = YES;
				CLANG_WARN_EMPTY_BODY = YES;
				CLANG_WARN_ENUM_CONVERSION = YES;
				CLANG_WARN_INFINITE_RECURSION = YES;
				CLANG_WARN_INT_CONVERSION = YES;
				CLANG_WARN_NON_LITERAL_NULL_CONVERSION = YES;
				CLANG_WARN_OBJC_IMPLICIT_RETAIN_SELF = YES;
				CLANG_WARN_OBJC_LITERAL_CONVERSION = YES;
				CLANG_WARN_OBJC_ROOT_CLASS = YES_ERROR;
				CLANG_WARN_QUOTED_INCLUDE_IN_FRAMEWORK_HEADER = YES;
				CLANG_WARN_RANGE_LOOP_ANALYSIS = YES;
				CLANG_WARN_STRICT_PROTOTYPES = YES;
				CLANG_WARN_SUSPICIOUS_MOVE = YES;
				CLANG_WARN_UNGUARDED_AVAILABILITY = YES_AGGRESSIVE;
				CLANG_WARN_UNREACHABLE_CODE = YES;
				CLANG_WARN__DUPLICATE_METHOD_MATCH = YES;
				COPY_PHASE_STRIP = NO;
				DEBUG_INFORMATION_FORMAT = "dwarf-with-dsym";
				ENABLE_NS_ASSERTIONS = NO;
				ENABLE_STRICT_OBJC_MSGSEND = YES;
				GCC_C_LANGUAGE_STANDARD = gnu11;
				GCC_NO_COMMON_BLOCKS = YES;
				GCC_WARN_64_TO_32_BIT_CONVERSION = YES;
				GCC_WARN_ABOUT_RETURN_TYPE = YES_ERROR;
				GCC_WARN_UNDECLARED_SELECTOR = YES;
				GCC_WARN_UNINITIALIZED_AUTOS = YES_AGGRESSIVE;
				GCC_WARN_UNUSED_FUNCTION = YES;
				GCC_WARN_UNUSED_VARIABLE = YES;
				IPHONEOS_DEPLOYMENT_TARGET = 16.4;
				MTL_ENABLE_DEBUG_INFO = NO;
				MTL_FAST_MATH = YES;
				SDKROOT = iphoneos;
				SWIFT_COMPILATION_MODE = wholemodule;
				SWIFT_OPTIMIZATION_LEVEL = "-O";
				VALIDATE_PRODUCT = YES;
			};
			name = Release;
		};
		BBD62F282A2516A1001F71ED /* Debug */ = {
			isa = XCBuildConfiguration;
			buildSettings = {
				ASSETCATALOG_COMPILER_APPICON_NAME = AppIcon;
				ASSETCATALOG_COMPILER_GLOBAL_ACCENT_COLOR_NAME = AccentColor;
				CODE_SIGN_STYLE = Automatic;
				CURRENT_PROJECT_VERSION = 1;
				DEVELOPMENT_TEAM = 273QY7G77Q;
				GENERATE_INFOPLIST_FILE = YES;
				INFOPLIST_FILE = MacroChallenge/Info.plist;
				INFOPLIST_KEY_UIApplicationSupportsIndirectInputEvents = YES;
				INFOPLIST_KEY_UILaunchStoryboardName = LaunchScreen;
				INFOPLIST_KEY_UISupportedInterfaceOrientations_iPad = "UIInterfaceOrientationPortrait UIInterfaceOrientationPortraitUpsideDown UIInterfaceOrientationLandscapeLeft UIInterfaceOrientationLandscapeRight";
				INFOPLIST_KEY_UISupportedInterfaceOrientations_iPhone = "UIInterfaceOrientationPortrait UIInterfaceOrientationLandscapeLeft UIInterfaceOrientationLandscapeRight";
				LD_RUNPATH_SEARCH_PATHS = (
					"$(inherited)",
					"@executable_path/Frameworks",
				);
				MARKETING_VERSION = 1.0;
				PRODUCT_BUNDLE_IDENTIFIER = com.phsouza.MacroChallenge;
				PRODUCT_NAME = "$(TARGET_NAME)";
				SWIFT_EMIT_LOC_STRINGS = YES;
				SWIFT_VERSION = 5.0;
				TARGETED_DEVICE_FAMILY = "1,2";
			};
			name = Debug;
		};
		BBD62F292A2516A1001F71ED /* Release */ = {
			isa = XCBuildConfiguration;
			buildSettings = {
				ASSETCATALOG_COMPILER_APPICON_NAME = AppIcon;
				ASSETCATALOG_COMPILER_GLOBAL_ACCENT_COLOR_NAME = AccentColor;
				CODE_SIGN_STYLE = Automatic;
				CURRENT_PROJECT_VERSION = 1;
				DEVELOPMENT_TEAM = 273QY7G77Q;
				GENERATE_INFOPLIST_FILE = YES;
				INFOPLIST_FILE = MacroChallenge/Info.plist;
				INFOPLIST_KEY_UIApplicationSupportsIndirectInputEvents = YES;
				INFOPLIST_KEY_UILaunchStoryboardName = LaunchScreen;
				INFOPLIST_KEY_UISupportedInterfaceOrientations_iPad = "UIInterfaceOrientationPortrait UIInterfaceOrientationPortraitUpsideDown UIInterfaceOrientationLandscapeLeft UIInterfaceOrientationLandscapeRight";
				INFOPLIST_KEY_UISupportedInterfaceOrientations_iPhone = "UIInterfaceOrientationPortrait UIInterfaceOrientationLandscapeLeft UIInterfaceOrientationLandscapeRight";
				LD_RUNPATH_SEARCH_PATHS = (
					"$(inherited)",
					"@executable_path/Frameworks",
				);
				MARKETING_VERSION = 1.0;
				PRODUCT_BUNDLE_IDENTIFIER = com.phsouza.MacroChallenge;
				PRODUCT_NAME = "$(TARGET_NAME)";
				SWIFT_EMIT_LOC_STRINGS = YES;
				SWIFT_VERSION = 5.0;
				TARGETED_DEVICE_FAMILY = "1,2";
			};
			name = Release;
		};
		BBD62F2B2A2516A1001F71ED /* Debug */ = {
			isa = XCBuildConfiguration;
			buildSettings = {
				ALWAYS_EMBED_SWIFT_STANDARD_LIBRARIES = YES;
				BUNDLE_LOADER = "$(TEST_HOST)";
				CODE_SIGN_STYLE = Automatic;
				CURRENT_PROJECT_VERSION = 1;
				DEVELOPMENT_TEAM = 273QY7G77Q;
				GENERATE_INFOPLIST_FILE = YES;
				IPHONEOS_DEPLOYMENT_TARGET = 16.4;
				MARKETING_VERSION = 1.0;
				PRODUCT_BUNDLE_IDENTIFIER = com.phsouza.MacroChallengeTests;
				PRODUCT_NAME = "$(TARGET_NAME)";
				SWIFT_EMIT_LOC_STRINGS = NO;
				SWIFT_VERSION = 5.0;
				TARGETED_DEVICE_FAMILY = "1,2";
				TEST_HOST = "$(BUILT_PRODUCTS_DIR)/MacroChallenge.app/$(BUNDLE_EXECUTABLE_FOLDER_PATH)/MacroChallenge";
			};
			name = Debug;
		};
		BBD62F2C2A2516A1001F71ED /* Release */ = {
			isa = XCBuildConfiguration;
			buildSettings = {
				ALWAYS_EMBED_SWIFT_STANDARD_LIBRARIES = YES;
				BUNDLE_LOADER = "$(TEST_HOST)";
				CODE_SIGN_STYLE = Automatic;
				CURRENT_PROJECT_VERSION = 1;
				DEVELOPMENT_TEAM = 273QY7G77Q;
				GENERATE_INFOPLIST_FILE = YES;
				IPHONEOS_DEPLOYMENT_TARGET = 16.4;
				MARKETING_VERSION = 1.0;
				PRODUCT_BUNDLE_IDENTIFIER = com.phsouza.MacroChallengeTests;
				PRODUCT_NAME = "$(TARGET_NAME)";
				SWIFT_EMIT_LOC_STRINGS = NO;
				SWIFT_VERSION = 5.0;
				TARGETED_DEVICE_FAMILY = "1,2";
				TEST_HOST = "$(BUILT_PRODUCTS_DIR)/MacroChallenge.app/$(BUNDLE_EXECUTABLE_FOLDER_PATH)/MacroChallenge";
			};
			name = Release;
		};
/* End XCBuildConfiguration section */

/* Begin XCConfigurationList section */
		BBD62EF82A2516A0001F71ED /* Build configuration list for PBXProject "MacroChallenge" */ = {
			isa = XCConfigurationList;
			buildConfigurations = (
				BBD62F252A2516A1001F71ED /* Debug */,
				BBD62F262A2516A1001F71ED /* Release */,
			);
			defaultConfigurationIsVisible = 0;
			defaultConfigurationName = Release;
		};
		BBD62F272A2516A1001F71ED /* Build configuration list for PBXNativeTarget "MacroChallenge" */ = {
			isa = XCConfigurationList;
			buildConfigurations = (
				BBD62F282A2516A1001F71ED /* Debug */,
				BBD62F292A2516A1001F71ED /* Release */,
			);
			defaultConfigurationIsVisible = 0;
			defaultConfigurationName = Release;
		};
		BBD62F2A2A2516A1001F71ED /* Build configuration list for PBXNativeTarget "MacroChallengeTests" */ = {
			isa = XCConfigurationList;
			buildConfigurations = (
				BBD62F2B2A2516A1001F71ED /* Debug */,
				BBD62F2C2A2516A1001F71ED /* Release */,
			);
			defaultConfigurationIsVisible = 0;
			defaultConfigurationName = Release;
		};
/* End XCConfigurationList section */
	};
	rootObject = BBD62EF52A2516A0001F71ED /* Project object */;
}
